// !$*UTF8*$!
{
	archiveVersion = 1;
	classes = {
	};
	objectVersion = 56;
	objects = {

/* Begin PBXBuildFile section */
		2B6AC2C62B862EDF00546E3E /* PersonRepositoryTest.swift in Sources */ = {isa = PBXBuildFile; fileRef = 2B6AC2C52B862EDF00546E3E /* PersonRepositoryTest.swift */; };
		2B6AC2C82B862EEE00546E3E /* PersonDetailRepositoryTest.swift in Sources */ = {isa = PBXBuildFile; fileRef = 2B6AC2C72B862EEE00546E3E /* PersonDetailRepositoryTest.swift */; };
		2B6AC2CA2B879C6700546E3E /* NetworkManager.swift in Sources */ = {isa = PBXBuildFile; fileRef = 2B6AC2C92B879C6700546E3E /* NetworkManager.swift */; };
		2B6AC2D42B87B23300546E3E /* NetworkManagerProtocol.swift in Sources */ = {isa = PBXBuildFile; fileRef = 2B6AC2D32B87B23300546E3E /* NetworkManagerProtocol.swift */; };
		2B6AC2D92B87C0DA00546E3E /* MockNetworkManager.swift in Sources */ = {isa = PBXBuildFile; fileRef = 2B6AC2D52B87C0DA00546E3E /* MockNetworkManager.swift */; };
		2B6AC2DA2B87C0DA00546E3E /* MockURLProtocol.swift in Sources */ = {isa = PBXBuildFile; fileRef = 2B6AC2D62B87C0DA00546E3E /* MockURLProtocol.swift */; };
		2B6AC2DB2B87C0DA00546E3E /* NetworkManagerTest.swift in Sources */ = {isa = PBXBuildFile; fileRef = 2B6AC2D72B87C0DA00546E3E /* NetworkManagerTest.swift */; };
		2B6AC2DE2B87D45D00546E3E /* Mockable.swift in Sources */ = {isa = PBXBuildFile; fileRef = 2B6AC2D82B87C0DA00546E3E /* Mockable.swift */; };
		2B6AC2E62B87D4DA00546E3E /* MockPersonDetailViewModel.swift in Sources */ = {isa = PBXBuildFile; fileRef = 2BD143392B7F46E300AB224C /* MockPersonDetailViewModel.swift */; };
		2B6AC2E72B87D4DA00546E3E /* MockPersonViewModel.swift in Sources */ = {isa = PBXBuildFile; fileRef = 2BD1432A2B7F46E300AB224C /* MockPersonViewModel.swift */; };
		2B6AC2E82B87D4DA00546E3E /* MockAppRouter.swift in Sources */ = {isa = PBXBuildFile; fileRef = 2BD143262B7F46E300AB224C /* MockAppRouter.swift */; };
		2B6AC2E92B87D4DA00546E3E /* MockPersonDataManager.swift in Sources */ = {isa = PBXBuildFile; fileRef = 2BD1432C2B7F46E300AB224C /* MockPersonDataManager.swift */; };
		2B6AC2EA2B87D4DA00546E3E /* MockPersonUseCase.swift in Sources */ = {isa = PBXBuildFile; fileRef = 2BD143282B7F46E300AB224C /* MockPersonUseCase.swift */; };
		2B6AC2EB2B87D4DA00546E3E /* MockPersonDetailDataManager.swift in Sources */ = {isa = PBXBuildFile; fileRef = 2BD1433B2B7F46E300AB224C /* MockPersonDetailDataManager.swift */; };
		2B6AC2EC2B87D4DA00546E3E /* MockPersonDetailUseCase.swift in Sources */ = {isa = PBXBuildFile; fileRef = 2BD1433A2B7F46E300AB224C /* MockPersonDetailUseCase.swift */; };
		2B6AC2EE2B87D4DA00546E3E /* MockPersonDetailRepository.swift in Sources */ = {isa = PBXBuildFile; fileRef = 2B6AC2C32B862D3300546E3E /* MockPersonDetailRepository.swift */; };
		2B6AC2EF2B87D4DA00546E3E /* MockPersonData.swift in Sources */ = {isa = PBXBuildFile; fileRef = 2BD143272B7F46E300AB224C /* MockPersonData.swift */; };
		2B6AC2F02B87D4DA00546E3E /* MockPersonRepository.swift in Sources */ = {isa = PBXBuildFile; fileRef = 2B6AC2C12B862D1A00546E3E /* MockPersonRepository.swift */; };
		2B6AC2F12B87D63A00546E3E /* PersonData.json in Resources */ = {isa = PBXBuildFile; fileRef = 2BD143252B7F46E300AB224C /* PersonData.json */; };
		2B6AC2F42B87E70400546E3E /* MockImage.png in Resources */ = {isa = PBXBuildFile; fileRef = 2B6AC2F32B87E70400546E3E /* MockImage.png */; };
		2B6AC2F72B88741100546E3E /* AppRouter.swift in Sources */ = {isa = PBXBuildFile; fileRef = 2B6AC2F62B88741000546E3E /* AppRouter.swift */; };
		2B6AC2FC2B8DCC7100546E3E /* MockConstant.swift in Sources */ = {isa = PBXBuildFile; fileRef = 2B6AC2FB2B8DCC7100546E3E /* MockConstant.swift */; };
		2B6AC2FE2B8DD4ED00546E3E /* MockStringData.swift in Sources */ = {isa = PBXBuildFile; fileRef = 2B6AC2FD2B8DD4ED00546E3E /* MockStringData.swift */; };
		2B9C904A2B84671400B318A1 /* Alert.swift in Sources */ = {isa = PBXBuildFile; fileRef = 2B9C90492B84671400B318A1 /* Alert.swift */; };
		2BD1429F2B7DEA2F00AB224C /* AppDelegate.swift in Sources */ = {isa = PBXBuildFile; fileRef = 2BD1429E2B7DEA2F00AB224C /* AppDelegate.swift */; };
		2BD142A12B7DEA2F00AB224C /* SceneDelegate.swift in Sources */ = {isa = PBXBuildFile; fileRef = 2BD142A02B7DEA2F00AB224C /* SceneDelegate.swift */; };
		2BD142A82B7DEA3000AB224C /* Assets.xcassets in Resources */ = {isa = PBXBuildFile; fileRef = 2BD142A72B7DEA3000AB224C /* Assets.xcassets */; };
		2BD142B62B7DEA3000AB224C /* PersonTests.swift in Sources */ = {isa = PBXBuildFile; fileRef = 2BD142B52B7DEA3000AB224C /* PersonTests.swift */; };
		2BD142C02B7DEA3000AB224C /* PersonUITests.swift in Sources */ = {isa = PBXBuildFile; fileRef = 2BD142BF2B7DEA3000AB224C /* PersonUITests.swift */; };
		2BD142C22B7DEA3000AB224C /* PersonUITestsLaunchTests.swift in Sources */ = {isa = PBXBuildFile; fileRef = 2BD142C12B7DEA3000AB224C /* PersonUITestsLaunchTests.swift */; };
		2BD142D72B7F466B00AB224C /* Constant.swift in Sources */ = {isa = PBXBuildFile; fileRef = 2BD142D62B7F466B00AB224C /* Constant.swift */; };
		2BD142D92B7F467500AB224C /* UINavigationController+Extension.swift in Sources */ = {isa = PBXBuildFile; fileRef = 2BD142D82B7F467500AB224C /* UINavigationController+Extension.swift */; };
		2BD143072B7F469500AB224C /* PersonDetailDataManagerProtocol.swift in Sources */ = {isa = PBXBuildFile; fileRef = 2BD142DD2B7F469400AB224C /* PersonDetailDataManagerProtocol.swift */; };
		2BD143082B7F469500AB224C /* PersonDetailDataManager.swift in Sources */ = {isa = PBXBuildFile; fileRef = 2BD142DE2B7F469400AB224C /* PersonDetailDataManager.swift */; };
		2BD143092B7F469500AB224C /* PersonDetailUseCase.swift in Sources */ = {isa = PBXBuildFile; fileRef = 2BD142E22B7F469400AB224C /* PersonDetailUseCase.swift */; };
		2BD1430A2B7F469500AB224C /* PersonDetailUseCaseProtocol.swift in Sources */ = {isa = PBXBuildFile; fileRef = 2BD142E32B7F469400AB224C /* PersonDetailUseCaseProtocol.swift */; };
		2BD1430B2B7F469500AB224C /* PersonDetailViewModel.swift in Sources */ = {isa = PBXBuildFile; fileRef = 2BD142E62B7F469400AB224C /* PersonDetailViewModel.swift */; };
		2BD1430C2B7F469500AB224C /* PersonDetailOutput.swift in Sources */ = {isa = PBXBuildFile; fileRef = 2BD142E72B7F469400AB224C /* PersonDetailOutput.swift */; };
		2BD1430D2B7F469500AB224C /* PersonDetailViewModelProtocol.swift in Sources */ = {isa = PBXBuildFile; fileRef = 2BD142E82B7F469400AB224C /* PersonDetailViewModelProtocol.swift */; };
		2BD1430E2B7F469500AB224C /* PersonDetailView.swift in Sources */ = {isa = PBXBuildFile; fileRef = 2BD142EA2B7F469400AB224C /* PersonDetailView.swift */; };
		2BD1430F2B7F469500AB224C /* PersonDetailViewController.swift in Sources */ = {isa = PBXBuildFile; fileRef = 2BD142EC2B7F469400AB224C /* PersonDetailViewController.swift */; };
		2BD143102B7F469500AB224C /* PersonDetailModuleManager.swift in Sources */ = {isa = PBXBuildFile; fileRef = 2BD142ED2B7F469400AB224C /* PersonDetailModuleManager.swift */; };
		2BD143142B7F469500AB224C /* PersonModuleManager.swift in Sources */ = {isa = PBXBuildFile; fileRef = 2BD142F32B7F469500AB224C /* PersonModuleManager.swift */; };
		2BD143152B7F469500AB224C /* PersonDataManager.swift in Sources */ = {isa = PBXBuildFile; fileRef = 2BD142F62B7F469500AB224C /* PersonDataManager.swift */; };
		2BD143162B7F469500AB224C /* PersonDataManagerProtocol.swift in Sources */ = {isa = PBXBuildFile; fileRef = 2BD142F72B7F469500AB224C /* PersonDataManagerProtocol.swift */; };
		2BD143172B7F469500AB224C /* Person.swift in Sources */ = {isa = PBXBuildFile; fileRef = 2BD142FA2B7F469500AB224C /* Person.swift */; };
		2BD1431A2B7F469500AB224C /* PersonViewModelProtocol.swift in Sources */ = {isa = PBXBuildFile; fileRef = 2BD143002B7F469500AB224C /* PersonViewModelProtocol.swift */; };
		2BD1431B2B7F469500AB224C /* PersonViewModel.swift in Sources */ = {isa = PBXBuildFile; fileRef = 2BD143012B7F469500AB224C /* PersonViewModel.swift */; };
		2BD1431C2B7F469500AB224C /* PersonOutput.swift in Sources */ = {isa = PBXBuildFile; fileRef = 2BD143022B7F469500AB224C /* PersonOutput.swift */; };
		2BD1431D2B7F469500AB224C /* PersonTableViewCell.swift in Sources */ = {isa = PBXBuildFile; fileRef = 2BD143042B7F469500AB224C /* PersonTableViewCell.swift */; };
		2BD1431E2B7F469500AB224C /* PersonViewController.swift in Sources */ = {isa = PBXBuildFile; fileRef = 2BD143062B7F469500AB224C /* PersonViewController.swift */; };
		2BD143222B7F46B300AB224C /* LaunchScreen.storyboard in Resources */ = {isa = PBXBuildFile; fileRef = 2BD143202B7F46B300AB224C /* LaunchScreen.storyboard */; };
		2BD1434D2B7F46E300AB224C /* PersonViewModelTest.swift in Sources */ = {isa = PBXBuildFile; fileRef = 2BD1432E2B7F46E300AB224C /* PersonViewModelTest.swift */; };
		2BD1434E2B7F46E300AB224C /* PersonServiceTest.swift in Sources */ = {isa = PBXBuildFile; fileRef = 2BD1432F2B7F46E300AB224C /* PersonServiceTest.swift */; };
		2BD1434F2B7F46E300AB224C /* PersonUseCaseTest.swift in Sources */ = {isa = PBXBuildFile; fileRef = 2BD143302B7F46E300AB224C /* PersonUseCaseTest.swift */; };
		2BD143512B7F46E300AB224C /* PersonViewControllerTest.swift in Sources */ = {isa = PBXBuildFile; fileRef = 2BD143322B7F46E300AB224C /* PersonViewControllerTest.swift */; };
		2BD143572B7F46E300AB224C /* PersonDetailViewModelTest.swift in Sources */ = {isa = PBXBuildFile; fileRef = 2BD1433D2B7F46E300AB224C /* PersonDetailViewModelTest.swift */; };
		2BD143582B7F46E300AB224C /* PersonDetailUseCaseTest.swift in Sources */ = {isa = PBXBuildFile; fileRef = 2BD1433E2B7F46E300AB224C /* PersonDetailUseCaseTest.swift */; };
		2BD143592B7F46E300AB224C /* PersonDetailServiceTest.swift in Sources */ = {isa = PBXBuildFile; fileRef = 2BD1433F2B7F46E300AB224C /* PersonDetailServiceTest.swift */; };
		2BD1435A2B7F46E300AB224C /* PersonDetailViewControllerTest.swift in Sources */ = {isa = PBXBuildFile; fileRef = 2BD143402B7F46E300AB224C /* PersonDetailViewControllerTest.swift */; };
		2BD1435B2B7F46E300AB224C /* PersonDetailModuleManagerTest.swift in Sources */ = {isa = PBXBuildFile; fileRef = 2BD143412B7F46E300AB224C /* PersonDetailModuleManagerTest.swift */; };
		2BD143642B80BC9200AB224C /* PersonRepositoryProtocol.swift in Sources */ = {isa = PBXBuildFile; fileRef = 2BD143622B80BC9100AB224C /* PersonRepositoryProtocol.swift */; };
		2BD143652B80BC9200AB224C /* PersonRepository.swift in Sources */ = {isa = PBXBuildFile; fileRef = 2BD143632B80BC9100AB224C /* PersonRepository.swift */; };
		2BD143682B80BCC800AB224C /* PersonUseCase.swift in Sources */ = {isa = PBXBuildFile; fileRef = 2BD143662B80BCC700AB224C /* PersonUseCase.swift */; };
		2BD143692B80BCC800AB224C /* PersonUseCaseProtocol.swift in Sources */ = {isa = PBXBuildFile; fileRef = 2BD143672B80BCC700AB224C /* PersonUseCaseProtocol.swift */; };
		2BD1436D2B80C40B00AB224C /* PersonDetailRepository.swift in Sources */ = {isa = PBXBuildFile; fileRef = 2BD1436C2B80C40B00AB224C /* PersonDetailRepository.swift */; };
		2BD1436F2B80C42400AB224C /* PersonDetailRepositoryProtocol.swift in Sources */ = {isa = PBXBuildFile; fileRef = 2BD1436E2B80C42400AB224C /* PersonDetailRepositoryProtocol.swift */; };
		2BED4BC02B85FBEF0008F888 /* PersonLabel.swift in Sources */ = {isa = PBXBuildFile; fileRef = 2BED4BBF2B85FBEF0008F888 /* PersonLabel.swift */; };
		3049A6B13955382B60AD197D /* Pods_Person_PersonUITests.framework in Frameworks */ = {isa = PBXBuildFile; fileRef = C3AC6F10123DF621B1C515DF /* Pods_Person_PersonUITests.framework */; };
		D5AF3C328855774D6600A048 /* Pods_PersonTests.framework in Frameworks */ = {isa = PBXBuildFile; fileRef = 29A3FD62E0DF4E58B95293DB /* Pods_PersonTests.framework */; };
		E84733EA17EC052ABA57CD31 /* Pods_Person.framework in Frameworks */ = {isa = PBXBuildFile; fileRef = 67A9D8C309563AC006F93E73 /* Pods_Person.framework */; };
/* End PBXBuildFile section */

/* Begin PBXContainerItemProxy section */
		2BD142B22B7DEA3000AB224C /* PBXContainerItemProxy */ = {
			isa = PBXContainerItemProxy;
			containerPortal = 2BD142932B7DEA2F00AB224C /* Project object */;
			proxyType = 1;
			remoteGlobalIDString = 2BD1429A2B7DEA2F00AB224C;
			remoteInfo = Person;
		};
		2BD142BC2B7DEA3000AB224C /* PBXContainerItemProxy */ = {
			isa = PBXContainerItemProxy;
			containerPortal = 2BD142932B7DEA2F00AB224C /* Project object */;
			proxyType = 1;
			remoteGlobalIDString = 2BD1429A2B7DEA2F00AB224C;
			remoteInfo = Person;
		};
/* End PBXContainerItemProxy section */

/* Begin PBXFileReference section */
		29A3FD62E0DF4E58B95293DB /* Pods_PersonTests.framework */ = {isa = PBXFileReference; explicitFileType = wrapper.framework; includeInIndex = 0; path = Pods_PersonTests.framework; sourceTree = BUILT_PRODUCTS_DIR; };
		2B6AC2C12B862D1A00546E3E /* MockPersonRepository.swift */ = {isa = PBXFileReference; lastKnownFileType = sourcecode.swift; path = MockPersonRepository.swift; sourceTree = "<group>"; };
		2B6AC2C32B862D3300546E3E /* MockPersonDetailRepository.swift */ = {isa = PBXFileReference; lastKnownFileType = sourcecode.swift; path = MockPersonDetailRepository.swift; sourceTree = "<group>"; };
		2B6AC2C52B862EDF00546E3E /* PersonRepositoryTest.swift */ = {isa = PBXFileReference; lastKnownFileType = sourcecode.swift; path = PersonRepositoryTest.swift; sourceTree = "<group>"; };
		2B6AC2C72B862EEE00546E3E /* PersonDetailRepositoryTest.swift */ = {isa = PBXFileReference; lastKnownFileType = sourcecode.swift; path = PersonDetailRepositoryTest.swift; sourceTree = "<group>"; };
		2B6AC2C92B879C6700546E3E /* NetworkManager.swift */ = {isa = PBXFileReference; fileEncoding = 4; lastKnownFileType = sourcecode.swift; path = NetworkManager.swift; sourceTree = "<group>"; };
		2B6AC2D32B87B23300546E3E /* NetworkManagerProtocol.swift */ = {isa = PBXFileReference; lastKnownFileType = sourcecode.swift; path = NetworkManagerProtocol.swift; sourceTree = "<group>"; };
		2B6AC2D52B87C0DA00546E3E /* MockNetworkManager.swift */ = {isa = PBXFileReference; fileEncoding = 4; lastKnownFileType = sourcecode.swift; path = MockNetworkManager.swift; sourceTree = "<group>"; };
		2B6AC2D62B87C0DA00546E3E /* MockURLProtocol.swift */ = {isa = PBXFileReference; fileEncoding = 4; lastKnownFileType = sourcecode.swift; path = MockURLProtocol.swift; sourceTree = "<group>"; };
		2B6AC2D72B87C0DA00546E3E /* NetworkManagerTest.swift */ = {isa = PBXFileReference; fileEncoding = 4; lastKnownFileType = sourcecode.swift; path = NetworkManagerTest.swift; sourceTree = "<group>"; };
		2B6AC2D82B87C0DA00546E3E /* Mockable.swift */ = {isa = PBXFileReference; fileEncoding = 4; lastKnownFileType = sourcecode.swift; path = Mockable.swift; sourceTree = "<group>"; };
		2B6AC2F32B87E70400546E3E /* MockImage.png */ = {isa = PBXFileReference; lastKnownFileType = image.png; path = MockImage.png; sourceTree = "<group>"; };
		2B6AC2F62B88741000546E3E /* AppRouter.swift */ = {isa = PBXFileReference; fileEncoding = 4; lastKnownFileType = sourcecode.swift; path = AppRouter.swift; sourceTree = "<group>"; };
		2B6AC2FB2B8DCC7100546E3E /* MockConstant.swift */ = {isa = PBXFileReference; lastKnownFileType = sourcecode.swift; path = MockConstant.swift; sourceTree = "<group>"; };
		2B6AC2FD2B8DD4ED00546E3E /* MockStringData.swift */ = {isa = PBXFileReference; lastKnownFileType = sourcecode.swift; path = MockStringData.swift; sourceTree = "<group>"; };
		2B9C90492B84671400B318A1 /* Alert.swift */ = {isa = PBXFileReference; lastKnownFileType = sourcecode.swift; path = Alert.swift; sourceTree = "<group>"; };
		2BD1429B2B7DEA2F00AB224C /* Person.app */ = {isa = PBXFileReference; explicitFileType = wrapper.application; includeInIndex = 0; path = Person.app; sourceTree = BUILT_PRODUCTS_DIR; };
		2BD1429E2B7DEA2F00AB224C /* AppDelegate.swift */ = {isa = PBXFileReference; lastKnownFileType = sourcecode.swift; path = AppDelegate.swift; sourceTree = "<group>"; };
		2BD142A02B7DEA2F00AB224C /* SceneDelegate.swift */ = {isa = PBXFileReference; lastKnownFileType = sourcecode.swift; path = SceneDelegate.swift; sourceTree = "<group>"; };
		2BD142A72B7DEA3000AB224C /* Assets.xcassets */ = {isa = PBXFileReference; lastKnownFileType = folder.assetcatalog; path = Assets.xcassets; sourceTree = "<group>"; };
		2BD142AC2B7DEA3000AB224C /* Info.plist */ = {isa = PBXFileReference; lastKnownFileType = text.plist.xml; path = Info.plist; sourceTree = "<group>"; };
		2BD142B12B7DEA3000AB224C /* PersonTests.xctest */ = {isa = PBXFileReference; explicitFileType = wrapper.cfbundle; includeInIndex = 0; path = PersonTests.xctest; sourceTree = BUILT_PRODUCTS_DIR; };
		2BD142B52B7DEA3000AB224C /* PersonTests.swift */ = {isa = PBXFileReference; lastKnownFileType = sourcecode.swift; path = PersonTests.swift; sourceTree = "<group>"; };
		2BD142BB2B7DEA3000AB224C /* PersonUITests.xctest */ = {isa = PBXFileReference; explicitFileType = wrapper.cfbundle; includeInIndex = 0; path = PersonUITests.xctest; sourceTree = BUILT_PRODUCTS_DIR; };
		2BD142BF2B7DEA3000AB224C /* PersonUITests.swift */ = {isa = PBXFileReference; lastKnownFileType = sourcecode.swift; path = PersonUITests.swift; sourceTree = "<group>"; };
		2BD142C12B7DEA3000AB224C /* PersonUITestsLaunchTests.swift */ = {isa = PBXFileReference; lastKnownFileType = sourcecode.swift; path = PersonUITestsLaunchTests.swift; sourceTree = "<group>"; };
		2BD142D62B7F466B00AB224C /* Constant.swift */ = {isa = PBXFileReference; fileEncoding = 4; lastKnownFileType = sourcecode.swift; path = Constant.swift; sourceTree = "<group>"; };
		2BD142D82B7F467500AB224C /* UINavigationController+Extension.swift */ = {isa = PBXFileReference; fileEncoding = 4; lastKnownFileType = sourcecode.swift; path = "UINavigationController+Extension.swift"; sourceTree = "<group>"; };
		2BD142DD2B7F469400AB224C /* PersonDetailDataManagerProtocol.swift */ = {isa = PBXFileReference; fileEncoding = 4; lastKnownFileType = sourcecode.swift; path = PersonDetailDataManagerProtocol.swift; sourceTree = "<group>"; };
		2BD142DE2B7F469400AB224C /* PersonDetailDataManager.swift */ = {isa = PBXFileReference; fileEncoding = 4; lastKnownFileType = sourcecode.swift; path = PersonDetailDataManager.swift; sourceTree = "<group>"; };
		2BD142E22B7F469400AB224C /* PersonDetailUseCase.swift */ = {isa = PBXFileReference; fileEncoding = 4; lastKnownFileType = sourcecode.swift; path = PersonDetailUseCase.swift; sourceTree = "<group>"; };
		2BD142E32B7F469400AB224C /* PersonDetailUseCaseProtocol.swift */ = {isa = PBXFileReference; fileEncoding = 4; lastKnownFileType = sourcecode.swift; path = PersonDetailUseCaseProtocol.swift; sourceTree = "<group>"; };
		2BD142E62B7F469400AB224C /* PersonDetailViewModel.swift */ = {isa = PBXFileReference; fileEncoding = 4; lastKnownFileType = sourcecode.swift; path = PersonDetailViewModel.swift; sourceTree = "<group>"; };
		2BD142E72B7F469400AB224C /* PersonDetailOutput.swift */ = {isa = PBXFileReference; fileEncoding = 4; lastKnownFileType = sourcecode.swift; path = PersonDetailOutput.swift; sourceTree = "<group>"; };
		2BD142E82B7F469400AB224C /* PersonDetailViewModelProtocol.swift */ = {isa = PBXFileReference; fileEncoding = 4; lastKnownFileType = sourcecode.swift; path = PersonDetailViewModelProtocol.swift; sourceTree = "<group>"; };
		2BD142EA2B7F469400AB224C /* PersonDetailView.swift */ = {isa = PBXFileReference; fileEncoding = 4; lastKnownFileType = sourcecode.swift; path = PersonDetailView.swift; sourceTree = "<group>"; };
		2BD142EC2B7F469400AB224C /* PersonDetailViewController.swift */ = {isa = PBXFileReference; fileEncoding = 4; lastKnownFileType = sourcecode.swift; path = PersonDetailViewController.swift; sourceTree = "<group>"; };
		2BD142ED2B7F469400AB224C /* PersonDetailModuleManager.swift */ = {isa = PBXFileReference; fileEncoding = 4; lastKnownFileType = sourcecode.swift; path = PersonDetailModuleManager.swift; sourceTree = "<group>"; };
		2BD142F32B7F469500AB224C /* PersonModuleManager.swift */ = {isa = PBXFileReference; fileEncoding = 4; lastKnownFileType = sourcecode.swift; path = PersonModuleManager.swift; sourceTree = "<group>"; };
		2BD142F62B7F469500AB224C /* PersonDataManager.swift */ = {isa = PBXFileReference; fileEncoding = 4; lastKnownFileType = sourcecode.swift; path = PersonDataManager.swift; sourceTree = "<group>"; };
		2BD142F72B7F469500AB224C /* PersonDataManagerProtocol.swift */ = {isa = PBXFileReference; fileEncoding = 4; lastKnownFileType = sourcecode.swift; path = PersonDataManagerProtocol.swift; sourceTree = "<group>"; };
		2BD142FA2B7F469500AB224C /* Person.swift */ = {isa = PBXFileReference; fileEncoding = 4; lastKnownFileType = sourcecode.swift; path = Person.swift; sourceTree = "<group>"; };
		2BD143002B7F469500AB224C /* PersonViewModelProtocol.swift */ = {isa = PBXFileReference; fileEncoding = 4; lastKnownFileType = sourcecode.swift; path = PersonViewModelProtocol.swift; sourceTree = "<group>"; };
		2BD143012B7F469500AB224C /* PersonViewModel.swift */ = {isa = PBXFileReference; fileEncoding = 4; lastKnownFileType = sourcecode.swift; path = PersonViewModel.swift; sourceTree = "<group>"; };
		2BD143022B7F469500AB224C /* PersonOutput.swift */ = {isa = PBXFileReference; fileEncoding = 4; lastKnownFileType = sourcecode.swift; path = PersonOutput.swift; sourceTree = "<group>"; };
		2BD143042B7F469500AB224C /* PersonTableViewCell.swift */ = {isa = PBXFileReference; fileEncoding = 4; lastKnownFileType = sourcecode.swift; path = PersonTableViewCell.swift; sourceTree = "<group>"; };
		2BD143062B7F469500AB224C /* PersonViewController.swift */ = {isa = PBXFileReference; fileEncoding = 4; lastKnownFileType = sourcecode.swift; path = PersonViewController.swift; sourceTree = "<group>"; };
		2BD143202B7F46B300AB224C /* LaunchScreen.storyboard */ = {isa = PBXFileReference; fileEncoding = 4; lastKnownFileType = file.storyboard; path = LaunchScreen.storyboard; sourceTree = "<group>"; };
		2BD143252B7F46E300AB224C /* PersonData.json */ = {isa = PBXFileReference; fileEncoding = 4; lastKnownFileType = text.json; path = PersonData.json; sourceTree = "<group>"; };
		2BD143262B7F46E300AB224C /* MockAppRouter.swift */ = {isa = PBXFileReference; fileEncoding = 4; lastKnownFileType = sourcecode.swift; path = MockAppRouter.swift; sourceTree = "<group>"; };
		2BD143272B7F46E300AB224C /* MockPersonData.swift */ = {isa = PBXFileReference; fileEncoding = 4; lastKnownFileType = sourcecode.swift; path = MockPersonData.swift; sourceTree = "<group>"; };
		2BD143282B7F46E300AB224C /* MockPersonUseCase.swift */ = {isa = PBXFileReference; fileEncoding = 4; lastKnownFileType = sourcecode.swift; path = MockPersonUseCase.swift; sourceTree = "<group>"; };
		2BD1432A2B7F46E300AB224C /* MockPersonViewModel.swift */ = {isa = PBXFileReference; fileEncoding = 4; lastKnownFileType = sourcecode.swift; path = MockPersonViewModel.swift; sourceTree = "<group>"; };
		2BD1432C2B7F46E300AB224C /* MockPersonDataManager.swift */ = {isa = PBXFileReference; fileEncoding = 4; lastKnownFileType = sourcecode.swift; path = MockPersonDataManager.swift; sourceTree = "<group>"; };
		2BD1432E2B7F46E300AB224C /* PersonViewModelTest.swift */ = {isa = PBXFileReference; fileEncoding = 4; lastKnownFileType = sourcecode.swift; path = PersonViewModelTest.swift; sourceTree = "<group>"; };
		2BD1432F2B7F46E300AB224C /* PersonServiceTest.swift */ = {isa = PBXFileReference; fileEncoding = 4; lastKnownFileType = sourcecode.swift; path = PersonServiceTest.swift; sourceTree = "<group>"; };
		2BD143302B7F46E300AB224C /* PersonUseCaseTest.swift */ = {isa = PBXFileReference; fileEncoding = 4; lastKnownFileType = sourcecode.swift; path = PersonUseCaseTest.swift; sourceTree = "<group>"; };
		2BD143322B7F46E300AB224C /* PersonViewControllerTest.swift */ = {isa = PBXFileReference; fileEncoding = 4; lastKnownFileType = sourcecode.swift; path = PersonViewControllerTest.swift; sourceTree = "<group>"; };
		2BD143392B7F46E300AB224C /* MockPersonDetailViewModel.swift */ = {isa = PBXFileReference; fileEncoding = 4; lastKnownFileType = sourcecode.swift; path = MockPersonDetailViewModel.swift; sourceTree = "<group>"; };
		2BD1433A2B7F46E300AB224C /* MockPersonDetailUseCase.swift */ = {isa = PBXFileReference; fileEncoding = 4; lastKnownFileType = sourcecode.swift; path = MockPersonDetailUseCase.swift; sourceTree = "<group>"; };
		2BD1433B2B7F46E300AB224C /* MockPersonDetailDataManager.swift */ = {isa = PBXFileReference; fileEncoding = 4; lastKnownFileType = sourcecode.swift; path = MockPersonDetailDataManager.swift; sourceTree = "<group>"; };
		2BD1433D2B7F46E300AB224C /* PersonDetailViewModelTest.swift */ = {isa = PBXFileReference; fileEncoding = 4; lastKnownFileType = sourcecode.swift; path = PersonDetailViewModelTest.swift; sourceTree = "<group>"; };
		2BD1433E2B7F46E300AB224C /* PersonDetailUseCaseTest.swift */ = {isa = PBXFileReference; fileEncoding = 4; lastKnownFileType = sourcecode.swift; path = PersonDetailUseCaseTest.swift; sourceTree = "<group>"; };
		2BD1433F2B7F46E300AB224C /* PersonDetailServiceTest.swift */ = {isa = PBXFileReference; fileEncoding = 4; lastKnownFileType = sourcecode.swift; path = PersonDetailServiceTest.swift; sourceTree = "<group>"; };
		2BD143402B7F46E300AB224C /* PersonDetailViewControllerTest.swift */ = {isa = PBXFileReference; fileEncoding = 4; lastKnownFileType = sourcecode.swift; path = PersonDetailViewControllerTest.swift; sourceTree = "<group>"; };
		2BD143412B7F46E300AB224C /* PersonDetailModuleManagerTest.swift */ = {isa = PBXFileReference; fileEncoding = 4; lastKnownFileType = sourcecode.swift; path = PersonDetailModuleManagerTest.swift; sourceTree = "<group>"; };
		2BD143622B80BC9100AB224C /* PersonRepositoryProtocol.swift */ = {isa = PBXFileReference; fileEncoding = 4; lastKnownFileType = sourcecode.swift; path = PersonRepositoryProtocol.swift; sourceTree = "<group>"; };
		2BD143632B80BC9100AB224C /* PersonRepository.swift */ = {isa = PBXFileReference; fileEncoding = 4; lastKnownFileType = sourcecode.swift; path = PersonRepository.swift; sourceTree = "<group>"; };
		2BD143662B80BCC700AB224C /* PersonUseCase.swift */ = {isa = PBXFileReference; fileEncoding = 4; lastKnownFileType = sourcecode.swift; path = PersonUseCase.swift; sourceTree = "<group>"; };
		2BD143672B80BCC700AB224C /* PersonUseCaseProtocol.swift */ = {isa = PBXFileReference; fileEncoding = 4; lastKnownFileType = sourcecode.swift; path = PersonUseCaseProtocol.swift; sourceTree = "<group>"; };
		2BD1436C2B80C40B00AB224C /* PersonDetailRepository.swift */ = {isa = PBXFileReference; lastKnownFileType = sourcecode.swift; path = PersonDetailRepository.swift; sourceTree = "<group>"; };
		2BD1436E2B80C42400AB224C /* PersonDetailRepositoryProtocol.swift */ = {isa = PBXFileReference; lastKnownFileType = sourcecode.swift; path = PersonDetailRepositoryProtocol.swift; sourceTree = "<group>"; };
		2BED4BBF2B85FBEF0008F888 /* PersonLabel.swift */ = {isa = PBXFileReference; lastKnownFileType = sourcecode.swift; path = PersonLabel.swift; sourceTree = "<group>"; };
		67A9D8C309563AC006F93E73 /* Pods_Person.framework */ = {isa = PBXFileReference; explicitFileType = wrapper.framework; includeInIndex = 0; path = Pods_Person.framework; sourceTree = BUILT_PRODUCTS_DIR; };
		9C04F577510A9E5E5AE2D1FD /* Pods-PersonTests.debug.xcconfig */ = {isa = PBXFileReference; includeInIndex = 1; lastKnownFileType = text.xcconfig; name = "Pods-PersonTests.debug.xcconfig"; path = "Target Support Files/Pods-PersonTests/Pods-PersonTests.debug.xcconfig"; sourceTree = "<group>"; };
		B2EBCA7CFB1CB2D3DF911766 /* Pods-Person.release.xcconfig */ = {isa = PBXFileReference; includeInIndex = 1; lastKnownFileType = text.xcconfig; name = "Pods-Person.release.xcconfig"; path = "Target Support Files/Pods-Person/Pods-Person.release.xcconfig"; sourceTree = "<group>"; };
		B83727FB67B7C187FB6E5354 /* Pods-Person.debug.xcconfig */ = {isa = PBXFileReference; includeInIndex = 1; lastKnownFileType = text.xcconfig; name = "Pods-Person.debug.xcconfig"; path = "Target Support Files/Pods-Person/Pods-Person.debug.xcconfig"; sourceTree = "<group>"; };
		C3AC6F10123DF621B1C515DF /* Pods_Person_PersonUITests.framework */ = {isa = PBXFileReference; explicitFileType = wrapper.framework; includeInIndex = 0; path = Pods_Person_PersonUITests.framework; sourceTree = BUILT_PRODUCTS_DIR; };
		C6E31DEDBC2981498A5FB51F /* Pods-Person-PersonUITests.release.xcconfig */ = {isa = PBXFileReference; includeInIndex = 1; lastKnownFileType = text.xcconfig; name = "Pods-Person-PersonUITests.release.xcconfig"; path = "Target Support Files/Pods-Person-PersonUITests/Pods-Person-PersonUITests.release.xcconfig"; sourceTree = "<group>"; };
		E5ADBF797C73803DE7D3FC1A /* Pods-Person-PersonUITests.debug.xcconfig */ = {isa = PBXFileReference; includeInIndex = 1; lastKnownFileType = text.xcconfig; name = "Pods-Person-PersonUITests.debug.xcconfig"; path = "Target Support Files/Pods-Person-PersonUITests/Pods-Person-PersonUITests.debug.xcconfig"; sourceTree = "<group>"; };
		F8B746CCC044B87DEA57F734 /* Pods-PersonTests.release.xcconfig */ = {isa = PBXFileReference; includeInIndex = 1; lastKnownFileType = text.xcconfig; name = "Pods-PersonTests.release.xcconfig"; path = "Target Support Files/Pods-PersonTests/Pods-PersonTests.release.xcconfig"; sourceTree = "<group>"; };
/* End PBXFileReference section */

/* Begin PBXFrameworksBuildPhase section */
		2BD142982B7DEA2F00AB224C /* Frameworks */ = {
			isa = PBXFrameworksBuildPhase;
			buildActionMask = 2147483647;
			files = (
				E84733EA17EC052ABA57CD31 /* Pods_Person.framework in Frameworks */,
			);
			runOnlyForDeploymentPostprocessing = 0;
		};
		2BD142AE2B7DEA3000AB224C /* Frameworks */ = {
			isa = PBXFrameworksBuildPhase;
			buildActionMask = 2147483647;
			files = (
				D5AF3C328855774D6600A048 /* Pods_PersonTests.framework in Frameworks */,
			);
			runOnlyForDeploymentPostprocessing = 0;
		};
		2BD142B82B7DEA3000AB224C /* Frameworks */ = {
			isa = PBXFrameworksBuildPhase;
			buildActionMask = 2147483647;
			files = (
				3049A6B13955382B60AD197D /* Pods_Person_PersonUITests.framework in Frameworks */,
			);
			runOnlyForDeploymentPostprocessing = 0;
		};
/* End PBXFrameworksBuildPhase section */

/* Begin PBXGroup section */
		036ABCA4D847ACAC38D54102 /* Frameworks */ = {
			isa = PBXGroup;
			children = (
				67A9D8C309563AC006F93E73 /* Pods_Person.framework */,
				C3AC6F10123DF621B1C515DF /* Pods_Person_PersonUITests.framework */,
				29A3FD62E0DF4E58B95293DB /* Pods_PersonTests.framework */,
			);
			name = Frameworks;
			sourceTree = "<group>";
		};
		270261526D432F730B8B734D /* Pods */ = {
			isa = PBXGroup;
			children = (
				B83727FB67B7C187FB6E5354 /* Pods-Person.debug.xcconfig */,
				B2EBCA7CFB1CB2D3DF911766 /* Pods-Person.release.xcconfig */,
				E5ADBF797C73803DE7D3FC1A /* Pods-Person-PersonUITests.debug.xcconfig */,
				C6E31DEDBC2981498A5FB51F /* Pods-Person-PersonUITests.release.xcconfig */,
				9C04F577510A9E5E5AE2D1FD /* Pods-PersonTests.debug.xcconfig */,
				F8B746CCC044B87DEA57F734 /* Pods-PersonTests.release.xcconfig */,
			);
			path = Pods;
			sourceTree = "<group>";
		};
		2B6AC2962B860DCB00546E3E /* ModuleManager */ = {
			isa = PBXGroup;
			children = (
				2BD143412B7F46E300AB224C /* PersonDetailModuleManagerTest.swift */,
			);
			path = ModuleManager;
			sourceTree = "<group>";
		};
		2B6AC2972B860E3C00546E3E /* Domain */ = {
			isa = PBXGroup;
			children = (
				2B6AC29A2B860E9800546E3E /* UseCase */,
			);
			path = Domain;
			sourceTree = "<group>";
		};
		2B6AC2982B860E7E00546E3E /* Person */ = {
			isa = PBXGroup;
			children = (
				2BD143302B7F46E300AB224C /* PersonUseCaseTest.swift */,
			);
			path = Person;
			sourceTree = "<group>";
		};
		2B6AC2992B860E8600546E3E /* PersonDetail */ = {
			isa = PBXGroup;
			children = (
				2BD1433E2B7F46E300AB224C /* PersonDetailUseCaseTest.swift */,
			);
			path = PersonDetail;
			sourceTree = "<group>";
		};
		2B6AC29A2B860E9800546E3E /* UseCase */ = {
			isa = PBXGroup;
			children = (
				2B6AC2982B860E7E00546E3E /* Person */,
				2B6AC2992B860E8600546E3E /* PersonDetail */,
			);
			path = UseCase;
			sourceTree = "<group>";
		};
		2B6AC29C2B860ED300546E3E /* Data */ = {
			isa = PBXGroup;
			children = (
				2B6AC2A92B86121D00546E3E /* Repository */,
				2B6AC2AA2B86122600546E3E /* NetworkService */,
			);
			path = Data;
			sourceTree = "<group>";
		};
		2B6AC29D2B860FF200546E3E /* Person */ = {
			isa = PBXGroup;
			children = (
				2BD142F72B7F469500AB224C /* PersonDataManagerProtocol.swift */,
				2BD142F62B7F469500AB224C /* PersonDataManager.swift */,
			);
			path = Person;
			sourceTree = "<group>";
		};
		2B6AC29E2B860FFA00546E3E /* PersonDetail */ = {
			isa = PBXGroup;
			children = (
				2BD142DD2B7F469400AB224C /* PersonDetailDataManagerProtocol.swift */,
				2BD142DE2B7F469400AB224C /* PersonDetailDataManager.swift */,
			);
			path = PersonDetail;
			sourceTree = "<group>";
		};
		2B6AC2A02B8610B600546E3E /* ViewModel */ = {
			isa = PBXGroup;
			children = (
				2B6AC2A42B86110300546E3E /* Person */,
				2B6AC2A52B86110B00546E3E /* PersonDetail */,
			);
			path = ViewModel;
			sourceTree = "<group>";
		};
		2B6AC2A12B8610C600546E3E /* ViewController */ = {
			isa = PBXGroup;
			children = (
				2B6AC2A22B8610D700546E3E /* Person */,
				2B6AC2A32B8610DF00546E3E /* PersonDetail */,
			);
			path = ViewController;
			sourceTree = "<group>";
		};
		2B6AC2A22B8610D700546E3E /* Person */ = {
			isa = PBXGroup;
			children = (
				2BD143062B7F469500AB224C /* PersonViewController.swift */,
			);
			path = Person;
			sourceTree = "<group>";
		};
		2B6AC2A32B8610DF00546E3E /* PersonDetail */ = {
			isa = PBXGroup;
			children = (
				2BD142EC2B7F469400AB224C /* PersonDetailViewController.swift */,
			);
			path = PersonDetail;
			sourceTree = "<group>";
		};
		2B6AC2A42B86110300546E3E /* Person */ = {
			isa = PBXGroup;
			children = (
				2BD143002B7F469500AB224C /* PersonViewModelProtocol.swift */,
				2BD143012B7F469500AB224C /* PersonViewModel.swift */,
				2BD143022B7F469500AB224C /* PersonOutput.swift */,
			);
			path = Person;
			sourceTree = "<group>";
		};
		2B6AC2A52B86110B00546E3E /* PersonDetail */ = {
			isa = PBXGroup;
			children = (
				2BD142E82B7F469400AB224C /* PersonDetailViewModelProtocol.swift */,
				2BD142E62B7F469400AB224C /* PersonDetailViewModel.swift */,
				2BD142E72B7F469400AB224C /* PersonDetailOutput.swift */,
			);
			path = PersonDetail;
			sourceTree = "<group>";
		};
		2B6AC2A62B86115500546E3E /* View */ = {
			isa = PBXGroup;
			children = (
				2B9C903E2B83645F00B318A1 /* Person */,
				2B9C903F2B83649600B318A1 /* PersonDetail */,
			);
			path = View;
			sourceTree = "<group>";
		};
		2B6AC2A72B8611A100546E3E /* Persentation */ = {
			isa = PBXGroup;
			children = (
				2B6AC2B52B86144F00546E3E /* View */,
				2B6AC2B42B86144700546E3E /* ViewModel */,
			);
			path = Persentation;
			sourceTree = "<group>";
		};
		2B6AC2A92B86121D00546E3E /* Repository */ = {
			isa = PBXGroup;
			children = (
				2B6AC2B32B86140300546E3E /* Person */,
				2B6AC2B22B8613F800546E3E /* PersonDetail */,
			);
			path = Repository;
			sourceTree = "<group>";
		};
		2B6AC2AA2B86122600546E3E /* NetworkService */ = {
			isa = PBXGroup;
			children = (
				2B6AC2B02B86139500546E3E /* Person */,
				2B6AC2B12B86139B00546E3E /* PersonDetail */,
			);
			path = NetworkService;
			sourceTree = "<group>";
		};
		2B6AC2AB2B86128C00546E3E /* Person */ = {
			isa = PBXGroup;
			children = (
				2BD1432A2B7F46E300AB224C /* MockPersonViewModel.swift */,
				2BD143282B7F46E300AB224C /* MockPersonUseCase.swift */,
				2B6AC2C12B862D1A00546E3E /* MockPersonRepository.swift */,
				2BD1432C2B7F46E300AB224C /* MockPersonDataManager.swift */,
			);
			path = Person;
			sourceTree = "<group>";
		};
		2B6AC2AC2B8612C500546E3E /* App */ = {
			isa = PBXGroup;
			children = (
				2BD143262B7F46E300AB224C /* MockAppRouter.swift */,
			);
			path = App;
			sourceTree = "<group>";
		};
		2B6AC2AD2B8612DF00546E3E /* Models */ = {
			isa = PBXGroup;
			children = (
				2BD143252B7F46E300AB224C /* PersonData.json */,
				2B6AC2FB2B8DCC7100546E3E /* MockConstant.swift */,
				2B6AC2F32B87E70400546E3E /* MockImage.png */,
				2B6AC2D82B87C0DA00546E3E /* Mockable.swift */,
				2BD143272B7F46E300AB224C /* MockPersonData.swift */,
				2B6AC2FD2B8DD4ED00546E3E /* MockStringData.swift */,
			);
			path = Models;
			sourceTree = "<group>";
		};
		2B6AC2AE2B8612F400546E3E /* PersonDetail */ = {
			isa = PBXGroup;
			children = (
				2BD143392B7F46E300AB224C /* MockPersonDetailViewModel.swift */,
				2BD1433A2B7F46E300AB224C /* MockPersonDetailUseCase.swift */,
				2B6AC2C32B862D3300546E3E /* MockPersonDetailRepository.swift */,
				2BD1433B2B7F46E300AB224C /* MockPersonDetailDataManager.swift */,
			);
			path = PersonDetail;
			sourceTree = "<group>";
		};
		2B6AC2AF2B86137700546E3E /* App */ = {
			isa = PBXGroup;
			children = (
				2B6AC2D72B87C0DA00546E3E /* NetworkManagerTest.swift */,
			);
			path = App;
			sourceTree = "<group>";
		};
		2B6AC2B02B86139500546E3E /* Person */ = {
			isa = PBXGroup;
			children = (
				2BD1432F2B7F46E300AB224C /* PersonServiceTest.swift */,
			);
			path = Person;
			sourceTree = "<group>";
		};
		2B6AC2B12B86139B00546E3E /* PersonDetail */ = {
			isa = PBXGroup;
			children = (
				2BD1433F2B7F46E300AB224C /* PersonDetailServiceTest.swift */,
			);
			path = PersonDetail;
			sourceTree = "<group>";
		};
		2B6AC2B22B8613F800546E3E /* PersonDetail */ = {
			isa = PBXGroup;
			children = (
				2B6AC2C72B862EEE00546E3E /* PersonDetailRepositoryTest.swift */,
			);
			path = PersonDetail;
			sourceTree = "<group>";
		};
		2B6AC2B32B86140300546E3E /* Person */ = {
			isa = PBXGroup;
			children = (
				2B6AC2C52B862EDF00546E3E /* PersonRepositoryTest.swift */,
			);
			path = Person;
			sourceTree = "<group>";
		};
		2B6AC2B42B86144700546E3E /* ViewModel */ = {
			isa = PBXGroup;
			children = (
				2BD1432E2B7F46E300AB224C /* PersonViewModelTest.swift */,
				2BD1433D2B7F46E300AB224C /* PersonDetailViewModelTest.swift */,
			);
			path = ViewModel;
			sourceTree = "<group>";
		};
		2B6AC2B52B86144F00546E3E /* View */ = {
			isa = PBXGroup;
			children = (
				2BD143402B7F46E300AB224C /* PersonDetailViewControllerTest.swift */,
				2BD143322B7F46E300AB224C /* PersonViewControllerTest.swift */,
			);
			path = View;
			sourceTree = "<group>";
		};
		2B6AC2F22B87E5D600546E3E /* Network */ = {
			isa = PBXGroup;
			children = (
				2B6AC2D52B87C0DA00546E3E /* MockNetworkManager.swift */,
				2B6AC2D62B87C0DA00546E3E /* MockURLProtocol.swift */,
			);
			path = Network;
			sourceTree = "<group>";
		};
		2B6AC2F52B88685A00546E3E /* Misc */ = {
			isa = PBXGroup;
			children = (
				2BD142A72B7DEA3000AB224C /* Assets.xcassets */,
				2BD143202B7F46B300AB224C /* LaunchScreen.storyboard */,
			);
			path = Misc;
			sourceTree = "<group>";
		};
		2B6AC2F82B8CA59800546E3E /* Alert */ = {
			isa = PBXGroup;
			children = (
				2B9C90492B84671400B318A1 /* Alert.swift */,
			);
			path = Alert;
			sourceTree = "<group>";
		};
		2B6AC2F92B8CA5A400546E3E /* Extension */ = {
			isa = PBXGroup;
			children = (
				2BD142D82B7F467500AB224C /* UINavigationController+Extension.swift */,
			);
			path = Extension;
			sourceTree = "<group>";
		};
		2B6AC2FA2B8CA5B500546E3E /* Constant */ = {
			isa = PBXGroup;
			children = (
				2BD142D62B7F466B00AB224C /* Constant.swift */,
			);
			path = Constant;
			sourceTree = "<group>";
		};
		2B9C903D2B83641000B318A1 /* Presenation */ = {
			isa = PBXGroup;
			children = (
				2B6AC2A12B8610C600546E3E /* ViewController */,
				2B6AC2A62B86115500546E3E /* View */,
				2B6AC2A02B8610B600546E3E /* ViewModel */,
			);
			path = Presenation;
			sourceTree = "<group>";
		};
		2B9C903E2B83645F00B318A1 /* Person */ = {
			isa = PBXGroup;
			children = (
				2BD143042B7F469500AB224C /* PersonTableViewCell.swift */,
			);
			path = Person;
			sourceTree = "<group>";
		};
		2B9C903F2B83649600B318A1 /* PersonDetail */ = {
			isa = PBXGroup;
			children = (
				2BD142EA2B7F469400AB224C /* PersonDetailView.swift */,
				2BED4BBF2B85FBEF0008F888 /* PersonLabel.swift */,
			);
			path = PersonDetail;
			sourceTree = "<group>";
		};
		2B9C90402B83656B00B318A1 /* Domain */ = {
			isa = PBXGroup;
			children = (
				2BD142FB2B7F469500AB224C /* UserCase */,
			);
			path = Domain;
			sourceTree = "<group>";
		};
		2B9C90412B83658A00B318A1 /* Person */ = {
			isa = PBXGroup;
			children = (
				2BD143672B80BCC700AB224C /* PersonUseCaseProtocol.swift */,
				2BD143662B80BCC700AB224C /* PersonUseCase.swift */,
			);
			path = Person;
			sourceTree = "<group>";
		};
		2B9C90422B83659200B318A1 /* PersonDetail */ = {
			isa = PBXGroup;
			children = (
				2BD142E32B7F469400AB224C /* PersonDetailUseCaseProtocol.swift */,
				2BD142E22B7F469400AB224C /* PersonDetailUseCase.swift */,
			);
			path = PersonDetail;
			sourceTree = "<group>";
		};
		2B9C90432B8365C800B318A1 /* Data */ = {
			isa = PBXGroup;
			children = (
				2BD142F92B7F469500AB224C /* Models */,
				2BD1435D2B80BA9800AB224C /* Repository */,
				2BD142F52B7F469500AB224C /* DataManager */,
			);
			path = Data;
			sourceTree = "<group>";
		};
		2B9C90442B8365D300B318A1 /* Person */ = {
			isa = PBXGroup;
			children = (
				2BD143622B80BC9100AB224C /* PersonRepositoryProtocol.swift */,
				2BD143632B80BC9100AB224C /* PersonRepository.swift */,
			);
			path = Person;
			sourceTree = "<group>";
		};
		2B9C90452B8365D800B318A1 /* PersonDetail */ = {
			isa = PBXGroup;
			children = (
				2BD1436E2B80C42400AB224C /* PersonDetailRepositoryProtocol.swift */,
				2BD1436C2B80C40B00AB224C /* PersonDetailRepository.swift */,
			);
			path = PersonDetail;
			sourceTree = "<group>";
		};
		2B9C90462B83662A00B318A1 /* ModuleManager */ = {
			isa = PBXGroup;
			children = (
				2BD142F32B7F469500AB224C /* PersonModuleManager.swift */,
				2BD142ED2B7F469400AB224C /* PersonDetailModuleManager.swift */,
			);
			path = ModuleManager;
			sourceTree = "<group>";
		};
		2BD142922B7DEA2F00AB224C = {
			isa = PBXGroup;
			children = (
				2BD1429D2B7DEA2F00AB224C /* Person */,
				2BD142B42B7DEA3000AB224C /* PersonTests */,
				2BD142BE2B7DEA3000AB224C /* PersonUITests */,
				2BD1429C2B7DEA2F00AB224C /* Products */,
				270261526D432F730B8B734D /* Pods */,
				036ABCA4D847ACAC38D54102 /* Frameworks */,
			);
			sourceTree = "<group>";
		};
		2BD1429C2B7DEA2F00AB224C /* Products */ = {
			isa = PBXGroup;
			children = (
				2BD1429B2B7DEA2F00AB224C /* Person.app */,
				2BD142B12B7DEA3000AB224C /* PersonTests.xctest */,
				2BD142BB2B7DEA3000AB224C /* PersonUITests.xctest */,
			);
			name = Products;
			sourceTree = "<group>";
		};
		2BD1429D2B7DEA2F00AB224C /* Person */ = {
			isa = PBXGroup;
			children = (
				2BD142CE2B7DEA6000AB224C /* Application */,
				2BD142D32B7F465B00AB224C /* Common */,
				2BD142EE2B7F469500AB224C /* Network */,
				2B9C90462B83662A00B318A1 /* ModuleManager */,
				2B9C903D2B83641000B318A1 /* Presenation */,
				2B9C90402B83656B00B318A1 /* Domain */,
				2B9C90432B8365C800B318A1 /* Data */,
				2B6AC2F52B88685A00546E3E /* Misc */,
				2BD142AC2B7DEA3000AB224C /* Info.plist */,
			);
			path = Person;
			sourceTree = "<group>";
		};
		2BD142B42B7DEA3000AB224C /* PersonTests */ = {
			isa = PBXGroup;
			children = (
				2BD143242B7F46E300AB224C /* Mocks */,
				2B6AC2AF2B86137700546E3E /* App */,
				2B6AC2962B860DCB00546E3E /* ModuleManager */,
				2B6AC2A72B8611A100546E3E /* Persentation */,
				2B6AC2972B860E3C00546E3E /* Domain */,
				2B6AC29C2B860ED300546E3E /* Data */,
				2BD142B52B7DEA3000AB224C /* PersonTests.swift */,
			);
			path = PersonTests;
			sourceTree = "<group>";
		};
		2BD142BE2B7DEA3000AB224C /* PersonUITests */ = {
			isa = PBXGroup;
			children = (
				2BD142BF2B7DEA3000AB224C /* PersonUITests.swift */,
				2BD142C12B7DEA3000AB224C /* PersonUITestsLaunchTests.swift */,
			);
			path = PersonUITests;
			sourceTree = "<group>";
		};
		2BD142CE2B7DEA6000AB224C /* Application */ = {
			isa = PBXGroup;
			children = (
				2BD1429E2B7DEA2F00AB224C /* AppDelegate.swift */,
				2BD142A02B7DEA2F00AB224C /* SceneDelegate.swift */,
				2B6AC2F62B88741000546E3E /* AppRouter.swift */,
			);
			path = Application;
			sourceTree = "<group>";
		};
		2BD142D32B7F465B00AB224C /* Common */ = {
			isa = PBXGroup;
			children = (
				2B6AC2FA2B8CA5B500546E3E /* Constant */,
				2B6AC2F92B8CA5A400546E3E /* Extension */,
				2B6AC2F82B8CA59800546E3E /* Alert */,
			);
			path = Common;
			sourceTree = "<group>";
		};
		2BD142EE2B7F469500AB224C /* Network */ = {
			isa = PBXGroup;
			children = (
				2B6AC2D32B87B23300546E3E /* NetworkManagerProtocol.swift */,
				2B6AC2C92B879C6700546E3E /* NetworkManager.swift */,
			);
			path = Network;
			sourceTree = "<group>";
		};
		2BD142F52B7F469500AB224C /* DataManager */ = {
			isa = PBXGroup;
			children = (
				2B6AC29D2B860FF200546E3E /* Person */,
				2B6AC29E2B860FFA00546E3E /* PersonDetail */,
			);
			path = DataManager;
			sourceTree = "<group>";
		};
		2BD142F92B7F469500AB224C /* Models */ = {
			isa = PBXGroup;
			children = (
				2BD142FA2B7F469500AB224C /* Person.swift */,
			);
			path = Models;
			sourceTree = "<group>";
		};
		2BD142FB2B7F469500AB224C /* UserCase */ = {
			isa = PBXGroup;
			children = (
				2B9C90412B83658A00B318A1 /* Person */,
				2B9C90422B83659200B318A1 /* PersonDetail */,
			);
			path = UserCase;
			sourceTree = "<group>";
		};
		2BD143242B7F46E300AB224C /* Mocks */ = {
			isa = PBXGroup;
			children = (
				2B6AC2AD2B8612DF00546E3E /* Models */,
				2B6AC2F22B87E5D600546E3E /* Network */,
				2B6AC2AC2B8612C500546E3E /* App */,
				2B6AC2AB2B86128C00546E3E /* Person */,
				2B6AC2AE2B8612F400546E3E /* PersonDetail */,
			);
			name = Mocks;
			path = Data/Models/Mocks;
			sourceTree = "<group>";
		};
		2BD1435D2B80BA9800AB224C /* Repository */ = {
			isa = PBXGroup;
			children = (
				2B9C90442B8365D300B318A1 /* Person */,
				2B9C90452B8365D800B318A1 /* PersonDetail */,
			);
			path = Repository;
			sourceTree = "<group>";
		};
/* End PBXGroup section */

/* Begin PBXNativeTarget section */
		2BD1429A2B7DEA2F00AB224C /* Person */ = {
			isa = PBXNativeTarget;
			buildConfigurationList = 2BD142C52B7DEA3000AB224C /* Build configuration list for PBXNativeTarget "Person" */;
			buildPhases = (
				A2903B72CE1ABB2A93AB535F /* [CP] Check Pods Manifest.lock */,
				2BD142972B7DEA2F00AB224C /* Sources */,
				2BD142982B7DEA2F00AB224C /* Frameworks */,
				2BD142992B7DEA2F00AB224C /* Resources */,
			);
			buildRules = (
			);
			dependencies = (
			);
			name = Person;
			productName = Person;
			productReference = 2BD1429B2B7DEA2F00AB224C /* Person.app */;
			productType = "com.apple.product-type.application";
		};
		2BD142B02B7DEA3000AB224C /* PersonTests */ = {
			isa = PBXNativeTarget;
			buildConfigurationList = 2BD142C82B7DEA3000AB224C /* Build configuration list for PBXNativeTarget "PersonTests" */;
			buildPhases = (
				83924A60443058AEC7213702 /* [CP] Check Pods Manifest.lock */,
				2BD142AD2B7DEA3000AB224C /* Sources */,
				2BD142AE2B7DEA3000AB224C /* Frameworks */,
				2BD142AF2B7DEA3000AB224C /* Resources */,
				38D8BCBE593CCB56D2B0BD5A /* [CP] Embed Pods Frameworks */,
			);
			buildRules = (
			);
			dependencies = (
				2BD142B32B7DEA3000AB224C /* PBXTargetDependency */,
			);
			name = PersonTests;
			productName = PersonTests;
			productReference = 2BD142B12B7DEA3000AB224C /* PersonTests.xctest */;
			productType = "com.apple.product-type.bundle.unit-test";
		};
		2BD142BA2B7DEA3000AB224C /* PersonUITests */ = {
			isa = PBXNativeTarget;
			buildConfigurationList = 2BD142CB2B7DEA3000AB224C /* Build configuration list for PBXNativeTarget "PersonUITests" */;
			buildPhases = (
				6FD134F0124A8A752236ABBD /* [CP] Check Pods Manifest.lock */,
				2BD142B72B7DEA3000AB224C /* Sources */,
				2BD142B82B7DEA3000AB224C /* Frameworks */,
				2BD142B92B7DEA3000AB224C /* Resources */,
			);
			buildRules = (
			);
			dependencies = (
				2BD142BD2B7DEA3000AB224C /* PBXTargetDependency */,
			);
			name = PersonUITests;
			productName = PersonUITests;
			productReference = 2BD142BB2B7DEA3000AB224C /* PersonUITests.xctest */;
			productType = "com.apple.product-type.bundle.ui-testing";
		};
/* End PBXNativeTarget section */

/* Begin PBXProject section */
		2BD142932B7DEA2F00AB224C /* Project object */ = {
			isa = PBXProject;
			attributes = {
				BuildIndependentTargetsInParallel = 1;
				LastSwiftUpdateCheck = 1420;
				LastUpgradeCheck = 1420;
				TargetAttributes = {
					2BD1429A2B7DEA2F00AB224C = {
						CreatedOnToolsVersion = 14.2;
					};
					2BD142B02B7DEA3000AB224C = {
						CreatedOnToolsVersion = 14.2;
						TestTargetID = 2BD1429A2B7DEA2F00AB224C;
					};
					2BD142BA2B7DEA3000AB224C = {
						CreatedOnToolsVersion = 14.2;
						TestTargetID = 2BD1429A2B7DEA2F00AB224C;
					};
				};
			};
			buildConfigurationList = 2BD142962B7DEA2F00AB224C /* Build configuration list for PBXProject "Person" */;
			compatibilityVersion = "Xcode 14.0";
			developmentRegion = en;
			hasScannedForEncodings = 0;
			knownRegions = (
				en,
				Base,
			);
			mainGroup = 2BD142922B7DEA2F00AB224C;
			productRefGroup = 2BD1429C2B7DEA2F00AB224C /* Products */;
			projectDirPath = "";
			projectRoot = "";
			targets = (
				2BD1429A2B7DEA2F00AB224C /* Person */,
				2BD142B02B7DEA3000AB224C /* PersonTests */,
				2BD142BA2B7DEA3000AB224C /* PersonUITests */,
			);
		};
/* End PBXProject section */

/* Begin PBXResourcesBuildPhase section */
		2BD142992B7DEA2F00AB224C /* Resources */ = {
			isa = PBXResourcesBuildPhase;
			buildActionMask = 2147483647;
			files = (
				2BD142A82B7DEA3000AB224C /* Assets.xcassets in Resources */,
				2BD143222B7F46B300AB224C /* LaunchScreen.storyboard in Resources */,
				2B6AC2F12B87D63A00546E3E /* PersonData.json in Resources */,
			);
			runOnlyForDeploymentPostprocessing = 0;
		};
		2BD142AF2B7DEA3000AB224C /* Resources */ = {
			isa = PBXResourcesBuildPhase;
			buildActionMask = 2147483647;
			files = (
				2B6AC2F42B87E70400546E3E /* MockImage.png in Resources */,
			);
			runOnlyForDeploymentPostprocessing = 0;
		};
		2BD142B92B7DEA3000AB224C /* Resources */ = {
			isa = PBXResourcesBuildPhase;
			buildActionMask = 2147483647;
			files = (
			);
			runOnlyForDeploymentPostprocessing = 0;
		};
/* End PBXResourcesBuildPhase section */

/* Begin PBXShellScriptBuildPhase section */
		38D8BCBE593CCB56D2B0BD5A /* [CP] Embed Pods Frameworks */ = {
			isa = PBXShellScriptBuildPhase;
			buildActionMask = 2147483647;
			files = (
			);
			inputFileListPaths = (
				"${PODS_ROOT}/Target Support Files/Pods-PersonTests/Pods-PersonTests-frameworks-${CONFIGURATION}-input-files.xcfilelist",
			);
			name = "[CP] Embed Pods Frameworks";
			outputFileListPaths = (
				"${PODS_ROOT}/Target Support Files/Pods-PersonTests/Pods-PersonTests-frameworks-${CONFIGURATION}-output-files.xcfilelist",
			);
			runOnlyForDeploymentPostprocessing = 0;
			shellPath = /bin/sh;
			shellScript = "\"${PODS_ROOT}/Target Support Files/Pods-PersonTests/Pods-PersonTests-frameworks.sh\"\n";
			showEnvVarsInLog = 0;
		};
		6FD134F0124A8A752236ABBD /* [CP] Check Pods Manifest.lock */ = {
			isa = PBXShellScriptBuildPhase;
			buildActionMask = 2147483647;
			files = (
			);
			inputFileListPaths = (
			);
			inputPaths = (
				"${PODS_PODFILE_DIR_PATH}/Podfile.lock",
				"${PODS_ROOT}/Manifest.lock",
			);
			name = "[CP] Check Pods Manifest.lock";
			outputFileListPaths = (
			);
			outputPaths = (
				"$(DERIVED_FILE_DIR)/Pods-Person-PersonUITests-checkManifestLockResult.txt",
			);
			runOnlyForDeploymentPostprocessing = 0;
			shellPath = /bin/sh;
			shellScript = "diff \"${PODS_PODFILE_DIR_PATH}/Podfile.lock\" \"${PODS_ROOT}/Manifest.lock\" > /dev/null\nif [ $? != 0 ] ; then\n    # print error to STDERR\n    echo \"error: The sandbox is not in sync with the Podfile.lock. Run 'pod install' or update your CocoaPods installation.\" >&2\n    exit 1\nfi\n# This output is used by Xcode 'outputs' to avoid re-running this script phase.\necho \"SUCCESS\" > \"${SCRIPT_OUTPUT_FILE_0}\"\n";
			showEnvVarsInLog = 0;
		};
		83924A60443058AEC7213702 /* [CP] Check Pods Manifest.lock */ = {
			isa = PBXShellScriptBuildPhase;
			buildActionMask = 2147483647;
			files = (
			);
			inputFileListPaths = (
			);
			inputPaths = (
				"${PODS_PODFILE_DIR_PATH}/Podfile.lock",
				"${PODS_ROOT}/Manifest.lock",
			);
			name = "[CP] Check Pods Manifest.lock";
			outputFileListPaths = (
			);
			outputPaths = (
				"$(DERIVED_FILE_DIR)/Pods-PersonTests-checkManifestLockResult.txt",
			);
			runOnlyForDeploymentPostprocessing = 0;
			shellPath = /bin/sh;
			shellScript = "diff \"${PODS_PODFILE_DIR_PATH}/Podfile.lock\" \"${PODS_ROOT}/Manifest.lock\" > /dev/null\nif [ $? != 0 ] ; then\n    # print error to STDERR\n    echo \"error: The sandbox is not in sync with the Podfile.lock. Run 'pod install' or update your CocoaPods installation.\" >&2\n    exit 1\nfi\n# This output is used by Xcode 'outputs' to avoid re-running this script phase.\necho \"SUCCESS\" > \"${SCRIPT_OUTPUT_FILE_0}\"\n";
			showEnvVarsInLog = 0;
		};
		A2903B72CE1ABB2A93AB535F /* [CP] Check Pods Manifest.lock */ = {
			isa = PBXShellScriptBuildPhase;
			buildActionMask = 2147483647;
			files = (
			);
			inputFileListPaths = (
			);
			inputPaths = (
				"${PODS_PODFILE_DIR_PATH}/Podfile.lock",
				"${PODS_ROOT}/Manifest.lock",
			);
			name = "[CP] Check Pods Manifest.lock";
			outputFileListPaths = (
			);
			outputPaths = (
				"$(DERIVED_FILE_DIR)/Pods-Person-checkManifestLockResult.txt",
			);
			runOnlyForDeploymentPostprocessing = 0;
			shellPath = /bin/sh;
			shellScript = "diff \"${PODS_PODFILE_DIR_PATH}/Podfile.lock\" \"${PODS_ROOT}/Manifest.lock\" > /dev/null\nif [ $? != 0 ] ; then\n    # print error to STDERR\n    echo \"error: The sandbox is not in sync with the Podfile.lock. Run 'pod install' or update your CocoaPods installation.\" >&2\n    exit 1\nfi\n# This output is used by Xcode 'outputs' to avoid re-running this script phase.\necho \"SUCCESS\" > \"${SCRIPT_OUTPUT_FILE_0}\"\n";
			showEnvVarsInLog = 0;
		};
/* End PBXShellScriptBuildPhase section */

/* Begin PBXSourcesBuildPhase section */
		2BD142972B7DEA2F00AB224C /* Sources */ = {
			isa = PBXSourcesBuildPhase;
			buildActionMask = 2147483647;
			files = (
				2BD1430C2B7F469500AB224C /* PersonDetailOutput.swift in Sources */,
				2BD1431C2B7F469500AB224C /* PersonOutput.swift in Sources */,
				2BD1431A2B7F469500AB224C /* PersonViewModelProtocol.swift in Sources */,
				2BD143142B7F469500AB224C /* PersonModuleManager.swift in Sources */,
				2BD143172B7F469500AB224C /* Person.swift in Sources */,
				2BD143692B80BCC800AB224C /* PersonUseCaseProtocol.swift in Sources */,
				2BD143072B7F469500AB224C /* PersonDetailDataManagerProtocol.swift in Sources */,
				2BD1430B2B7F469500AB224C /* PersonDetailViewModel.swift in Sources */,
				2BD1429F2B7DEA2F00AB224C /* AppDelegate.swift in Sources */,
				2BD1430E2B7F469500AB224C /* PersonDetailView.swift in Sources */,
				2BD1430F2B7F469500AB224C /* PersonDetailViewController.swift in Sources */,
				2BD143102B7F469500AB224C /* PersonDetailModuleManager.swift in Sources */,
				2BD143092B7F469500AB224C /* PersonDetailUseCase.swift in Sources */,
				2BD1430D2B7F469500AB224C /* PersonDetailViewModelProtocol.swift in Sources */,
				2B9C904A2B84671400B318A1 /* Alert.swift in Sources */,
				2BD1431D2B7F469500AB224C /* PersonTableViewCell.swift in Sources */,
				2BD143152B7F469500AB224C /* PersonDataManager.swift in Sources */,
				2BD142D92B7F467500AB224C /* UINavigationController+Extension.swift in Sources */,
				2BD1430A2B7F469500AB224C /* PersonDetailUseCaseProtocol.swift in Sources */,
				2BD143682B80BCC800AB224C /* PersonUseCase.swift in Sources */,
				2BD143082B7F469500AB224C /* PersonDetailDataManager.swift in Sources */,
				2BD143162B7F469500AB224C /* PersonDataManagerProtocol.swift in Sources */,
				2BD143642B80BC9200AB224C /* PersonRepositoryProtocol.swift in Sources */,
				2BD143652B80BC9200AB224C /* PersonRepository.swift in Sources */,
				2BD142A12B7DEA2F00AB224C /* SceneDelegate.swift in Sources */,
				2B6AC2CA2B879C6700546E3E /* NetworkManager.swift in Sources */,
				2BD1436D2B80C40B00AB224C /* PersonDetailRepository.swift in Sources */,
				2BD142D72B7F466B00AB224C /* Constant.swift in Sources */,
				2B6AC2D42B87B23300546E3E /* NetworkManagerProtocol.swift in Sources */,
				2BD1431E2B7F469500AB224C /* PersonViewController.swift in Sources */,
				2BD1431B2B7F469500AB224C /* PersonViewModel.swift in Sources */,
				2BD1436F2B80C42400AB224C /* PersonDetailRepositoryProtocol.swift in Sources */,
				2B6AC2F72B88741100546E3E /* AppRouter.swift in Sources */,
				2BED4BC02B85FBEF0008F888 /* PersonLabel.swift in Sources */,
			);
			runOnlyForDeploymentPostprocessing = 0;
		};
		2BD142AD2B7DEA3000AB224C /* Sources */ = {
			isa = PBXSourcesBuildPhase;
			buildActionMask = 2147483647;
			files = (
				2B6AC2E92B87D4DA00546E3E /* MockPersonDataManager.swift in Sources */,
				2B6AC2E62B87D4DA00546E3E /* MockPersonDetailViewModel.swift in Sources */,
				2B6AC2E72B87D4DA00546E3E /* MockPersonViewModel.swift in Sources */,
				2B6AC2C62B862EDF00546E3E /* PersonRepositoryTest.swift in Sources */,
				2BD143512B7F46E300AB224C /* PersonViewControllerTest.swift in Sources */,
				2B6AC2D92B87C0DA00546E3E /* MockNetworkManager.swift in Sources */,
				2B6AC2C82B862EEE00546E3E /* PersonDetailRepositoryTest.swift in Sources */,
				2B6AC2EA2B87D4DA00546E3E /* MockPersonUseCase.swift in Sources */,
				2B6AC2EC2B87D4DA00546E3E /* MockPersonDetailUseCase.swift in Sources */,
				2BD1434E2B7F46E300AB224C /* PersonServiceTest.swift in Sources */,
				2B6AC2FE2B8DD4ED00546E3E /* MockStringData.swift in Sources */,
				2B6AC2FC2B8DCC7100546E3E /* MockConstant.swift in Sources */,
				2BD143592B7F46E300AB224C /* PersonDetailServiceTest.swift in Sources */,
				2BD143572B7F46E300AB224C /* PersonDetailViewModelTest.swift in Sources */,
				2B6AC2DE2B87D45D00546E3E /* Mockable.swift in Sources */,
				2BD1434D2B7F46E300AB224C /* PersonViewModelTest.swift in Sources */,
				2B6AC2EE2B87D4DA00546E3E /* MockPersonDetailRepository.swift in Sources */,
				2BD1434F2B7F46E300AB224C /* PersonUseCaseTest.swift in Sources */,
				2B6AC2E82B87D4DA00546E3E /* MockAppRouter.swift in Sources */,
				2B6AC2EB2B87D4DA00546E3E /* MockPersonDetailDataManager.swift in Sources */,
				2BD1435A2B7F46E300AB224C /* PersonDetailViewControllerTest.swift in Sources */,
				2B6AC2EF2B87D4DA00546E3E /* MockPersonData.swift in Sources */,
				2BD1435B2B7F46E300AB224C /* PersonDetailModuleManagerTest.swift in Sources */,
				2B6AC2DA2B87C0DA00546E3E /* MockURLProtocol.swift in Sources */,
				2BD142B62B7DEA3000AB224C /* PersonTests.swift in Sources */,
				2B6AC2DB2B87C0DA00546E3E /* NetworkManagerTest.swift in Sources */,
				2B6AC2F02B87D4DA00546E3E /* MockPersonRepository.swift in Sources */,
				2BD143582B7F46E300AB224C /* PersonDetailUseCaseTest.swift in Sources */,
			);
			runOnlyForDeploymentPostprocessing = 0;
		};
		2BD142B72B7DEA3000AB224C /* Sources */ = {
			isa = PBXSourcesBuildPhase;
			buildActionMask = 2147483647;
			files = (
				2BD142C02B7DEA3000AB224C /* PersonUITests.swift in Sources */,
				2BD142C22B7DEA3000AB224C /* PersonUITestsLaunchTests.swift in Sources */,
			);
			runOnlyForDeploymentPostprocessing = 0;
		};
/* End PBXSourcesBuildPhase section */

/* Begin PBXTargetDependency section */
		2BD142B32B7DEA3000AB224C /* PBXTargetDependency */ = {
			isa = PBXTargetDependency;
			target = 2BD1429A2B7DEA2F00AB224C /* Person */;
			targetProxy = 2BD142B22B7DEA3000AB224C /* PBXContainerItemProxy */;
		};
		2BD142BD2B7DEA3000AB224C /* PBXTargetDependency */ = {
			isa = PBXTargetDependency;
			target = 2BD1429A2B7DEA2F00AB224C /* Person */;
			targetProxy = 2BD142BC2B7DEA3000AB224C /* PBXContainerItemProxy */;
		};
/* End PBXTargetDependency section */

/* Begin XCBuildConfiguration section */
		2BD142C32B7DEA3000AB224C /* Debug */ = {
			isa = XCBuildConfiguration;
			buildSettings = {
				ALWAYS_SEARCH_USER_PATHS = NO;
				CLANG_ANALYZER_NONNULL = YES;
				CLANG_ANALYZER_NUMBER_OBJECT_CONVERSION = YES_AGGRESSIVE;
				CLANG_CXX_LANGUAGE_STANDARD = "gnu++20";
				CLANG_ENABLE_MODULES = YES;
				CLANG_ENABLE_OBJC_ARC = YES;
				CLANG_ENABLE_OBJC_WEAK = YES;
				CLANG_WARN_BLOCK_CAPTURE_AUTORELEASING = YES;
				CLANG_WARN_BOOL_CONVERSION = YES;
				CLANG_WARN_COMMA = YES;
				CLANG_WARN_CONSTANT_CONVERSION = YES;
				CLANG_WARN_DEPRECATED_OBJC_IMPLEMENTATIONS = YES;
				CLANG_WARN_DIRECT_OBJC_ISA_USAGE = YES_ERROR;
				CLANG_WARN_DOCUMENTATION_COMMENTS = YES;
				CLANG_WARN_EMPTY_BODY = YES;
				CLANG_WARN_ENUM_CONVERSION = YES;
				CLANG_WARN_INFINITE_RECURSION = YES;
				CLANG_WARN_INT_CONVERSION = YES;
				CLANG_WARN_NON_LITERAL_NULL_CONVERSION = YES;
				CLANG_WARN_OBJC_IMPLICIT_RETAIN_SELF = YES;
				CLANG_WARN_OBJC_LITERAL_CONVERSION = YES;
				CLANG_WARN_OBJC_ROOT_CLASS = YES_ERROR;
				CLANG_WARN_QUOTED_INCLUDE_IN_FRAMEWORK_HEADER = YES;
				CLANG_WARN_RANGE_LOOP_ANALYSIS = YES;
				CLANG_WARN_STRICT_PROTOTYPES = YES;
				CLANG_WARN_SUSPICIOUS_MOVE = YES;
				CLANG_WARN_UNGUARDED_AVAILABILITY = YES_AGGRESSIVE;
				CLANG_WARN_UNREACHABLE_CODE = YES;
				CLANG_WARN__DUPLICATE_METHOD_MATCH = YES;
				COPY_PHASE_STRIP = NO;
				DEBUG_INFORMATION_FORMAT = dwarf;
				ENABLE_STRICT_OBJC_MSGSEND = YES;
				ENABLE_TESTABILITY = YES;
				GCC_C_LANGUAGE_STANDARD = gnu11;
				GCC_DYNAMIC_NO_PIC = NO;
				GCC_NO_COMMON_BLOCKS = YES;
				GCC_OPTIMIZATION_LEVEL = 0;
				GCC_PREPROCESSOR_DEFINITIONS = (
					"DEBUG=1",
					"$(inherited)",
				);
				GCC_WARN_64_TO_32_BIT_CONVERSION = YES;
				GCC_WARN_ABOUT_RETURN_TYPE = YES_ERROR;
				GCC_WARN_UNDECLARED_SELECTOR = YES;
				GCC_WARN_UNINITIALIZED_AUTOS = YES_AGGRESSIVE;
				GCC_WARN_UNUSED_FUNCTION = YES;
				GCC_WARN_UNUSED_VARIABLE = YES;
				IPHONEOS_DEPLOYMENT_TARGET = 16.2;
				MTL_ENABLE_DEBUG_INFO = INCLUDE_SOURCE;
				MTL_FAST_MATH = YES;
				ONLY_ACTIVE_ARCH = YES;
				SDKROOT = iphoneos;
				SWIFT_ACTIVE_COMPILATION_CONDITIONS = DEBUG;
				SWIFT_OPTIMIZATION_LEVEL = "-Onone";
			};
			name = Debug;
		};
		2BD142C42B7DEA3000AB224C /* Release */ = {
			isa = XCBuildConfiguration;
			buildSettings = {
				ALWAYS_SEARCH_USER_PATHS = NO;
				CLANG_ANALYZER_NONNULL = YES;
				CLANG_ANALYZER_NUMBER_OBJECT_CONVERSION = YES_AGGRESSIVE;
				CLANG_CXX_LANGUAGE_STANDARD = "gnu++20";
				CLANG_ENABLE_MODULES = YES;
				CLANG_ENABLE_OBJC_ARC = YES;
				CLANG_ENABLE_OBJC_WEAK = YES;
				CLANG_WARN_BLOCK_CAPTURE_AUTORELEASING = YES;
				CLANG_WARN_BOOL_CONVERSION = YES;
				CLANG_WARN_COMMA = YES;
				CLANG_WARN_CONSTANT_CONVERSION = YES;
				CLANG_WARN_DEPRECATED_OBJC_IMPLEMENTATIONS = YES;
				CLANG_WARN_DIRECT_OBJC_ISA_USAGE = YES_ERROR;
				CLANG_WARN_DOCUMENTATION_COMMENTS = YES;
				CLANG_WARN_EMPTY_BODY = YES;
				CLANG_WARN_ENUM_CONVERSION = YES;
				CLANG_WARN_INFINITE_RECURSION = YES;
				CLANG_WARN_INT_CONVERSION = YES;
				CLANG_WARN_NON_LITERAL_NULL_CONVERSION = YES;
				CLANG_WARN_OBJC_IMPLICIT_RETAIN_SELF = YES;
				CLANG_WARN_OBJC_LITERAL_CONVERSION = YES;
				CLANG_WARN_OBJC_ROOT_CLASS = YES_ERROR;
				CLANG_WARN_QUOTED_INCLUDE_IN_FRAMEWORK_HEADER = YES;
				CLANG_WARN_RANGE_LOOP_ANALYSIS = YES;
				CLANG_WARN_STRICT_PROTOTYPES = YES;
				CLANG_WARN_SUSPICIOUS_MOVE = YES;
				CLANG_WARN_UNGUARDED_AVAILABILITY = YES_AGGRESSIVE;
				CLANG_WARN_UNREACHABLE_CODE = YES;
				CLANG_WARN__DUPLICATE_METHOD_MATCH = YES;
				COPY_PHASE_STRIP = NO;
				DEBUG_INFORMATION_FORMAT = "dwarf-with-dsym";
				ENABLE_NS_ASSERTIONS = NO;
				ENABLE_STRICT_OBJC_MSGSEND = YES;
				GCC_C_LANGUAGE_STANDARD = gnu11;
				GCC_NO_COMMON_BLOCKS = YES;
				GCC_WARN_64_TO_32_BIT_CONVERSION = YES;
				GCC_WARN_ABOUT_RETURN_TYPE = YES_ERROR;
				GCC_WARN_UNDECLARED_SELECTOR = YES;
				GCC_WARN_UNINITIALIZED_AUTOS = YES_AGGRESSIVE;
				GCC_WARN_UNUSED_FUNCTION = YES;
				GCC_WARN_UNUSED_VARIABLE = YES;
				IPHONEOS_DEPLOYMENT_TARGET = 16.2;
				MTL_ENABLE_DEBUG_INFO = NO;
				MTL_FAST_MATH = YES;
				SDKROOT = iphoneos;
				SWIFT_COMPILATION_MODE = wholemodule;
				SWIFT_OPTIMIZATION_LEVEL = "-O";
				VALIDATE_PRODUCT = YES;
			};
			name = Release;
		};
		2BD142C62B7DEA3000AB224C /* Debug */ = {
			isa = XCBuildConfiguration;
			baseConfigurationReference = B83727FB67B7C187FB6E5354 /* Pods-Person.debug.xcconfig */;
			buildSettings = {
				ASSETCATALOG_COMPILER_APPICON_NAME = AppIcon;
				ASSETCATALOG_COMPILER_GLOBAL_ACCENT_COLOR_NAME = AccentColor;
				CODE_SIGN_STYLE = Automatic;
				CURRENT_PROJECT_VERSION = 1;
				GENERATE_INFOPLIST_FILE = YES;
				INFOPLIST_FILE = Person/Info.plist;
				INFOPLIST_KEY_UIApplicationSupportsIndirectInputEvents = YES;
				INFOPLIST_KEY_UILaunchStoryboardName = LaunchScreen;
				INFOPLIST_KEY_UISupportedInterfaceOrientations_iPad = "UIInterfaceOrientationPortrait UIInterfaceOrientationPortraitUpsideDown UIInterfaceOrientationLandscapeLeft UIInterfaceOrientationLandscapeRight";
				INFOPLIST_KEY_UISupportedInterfaceOrientations_iPhone = "UIInterfaceOrientationPortrait UIInterfaceOrientationLandscapeLeft UIInterfaceOrientationLandscapeRight";
				LD_RUNPATH_SEARCH_PATHS = (
					"$(inherited)",
					"@executable_path/Frameworks",
				);
				MARKETING_VERSION = 1.0;
				PRODUCT_BUNDLE_IDENTIFIER = com.sapient.Person;
				PRODUCT_NAME = "$(TARGET_NAME)";
				SWIFT_EMIT_LOC_STRINGS = YES;
				SWIFT_VERSION = 5.0;
				TARGETED_DEVICE_FAMILY = "1,2";
			};
			name = Debug;
		};
		2BD142C72B7DEA3000AB224C /* Release */ = {
			isa = XCBuildConfiguration;
			baseConfigurationReference = B2EBCA7CFB1CB2D3DF911766 /* Pods-Person.release.xcconfig */;
			buildSettings = {
				ASSETCATALOG_COMPILER_APPICON_NAME = AppIcon;
				ASSETCATALOG_COMPILER_GLOBAL_ACCENT_COLOR_NAME = AccentColor;
				CODE_SIGN_STYLE = Automatic;
				CURRENT_PROJECT_VERSION = 1;
				GENERATE_INFOPLIST_FILE = YES;
				INFOPLIST_FILE = Person/Info.plist;
				INFOPLIST_KEY_UIApplicationSupportsIndirectInputEvents = YES;
				INFOPLIST_KEY_UILaunchStoryboardName = LaunchScreen;
				INFOPLIST_KEY_UISupportedInterfaceOrientations_iPad = "UIInterfaceOrientationPortrait UIInterfaceOrientationPortraitUpsideDown UIInterfaceOrientationLandscapeLeft UIInterfaceOrientationLandscapeRight";
				INFOPLIST_KEY_UISupportedInterfaceOrientations_iPhone = "UIInterfaceOrientationPortrait UIInterfaceOrientationLandscapeLeft UIInterfaceOrientationLandscapeRight";
				LD_RUNPATH_SEARCH_PATHS = (
					"$(inherited)",
					"@executable_path/Frameworks",
				);
				MARKETING_VERSION = 1.0;
				PRODUCT_BUNDLE_IDENTIFIER = com.sapient.Person;
				PRODUCT_NAME = "$(TARGET_NAME)";
				SWIFT_EMIT_LOC_STRINGS = YES;
				SWIFT_VERSION = 5.0;
				TARGETED_DEVICE_FAMILY = "1,2";
			};
			name = Release;
		};
		2BD142C92B7DEA3000AB224C /* Debug */ = {
			isa = XCBuildConfiguration;
			baseConfigurationReference = 9C04F577510A9E5E5AE2D1FD /* Pods-PersonTests.debug.xcconfig */;
			buildSettings = {
				ALWAYS_EMBED_SWIFT_STANDARD_LIBRARIES = YES;
				BUNDLE_LOADER = "$(TEST_HOST)";
				CODE_SIGN_STYLE = Automatic;
				CURRENT_PROJECT_VERSION = 1;
				GENERATE_INFOPLIST_FILE = YES;
				IPHONEOS_DEPLOYMENT_TARGET = 16.2;
				MARKETING_VERSION = 1.0;
				PRODUCT_BUNDLE_IDENTIFIER = com.sapient.PersonTests;
				PRODUCT_NAME = "$(TARGET_NAME)";
				SWIFT_EMIT_LOC_STRINGS = NO;
				SWIFT_VERSION = 5.0;
				TARGETED_DEVICE_FAMILY = "1,2";
				TEST_HOST = "$(BUILT_PRODUCTS_DIR)/Person.app/$(BUNDLE_EXECUTABLE_FOLDER_PATH)/Person";
			};
			name = Debug;
		};
		2BD142CA2B7DEA3000AB224C /* Release */ = {
			isa = XCBuildConfiguration;
			baseConfigurationReference = F8B746CCC044B87DEA57F734 /* Pods-PersonTests.release.xcconfig */;
			buildSettings = {
				ALWAYS_EMBED_SWIFT_STANDARD_LIBRARIES = YES;
				BUNDLE_LOADER = "$(TEST_HOST)";
				CODE_SIGN_STYLE = Automatic;
				CURRENT_PROJECT_VERSION = 1;
				GENERATE_INFOPLIST_FILE = YES;
				IPHONEOS_DEPLOYMENT_TARGET = 16.2;
				MARKETING_VERSION = 1.0;
				PRODUCT_BUNDLE_IDENTIFIER = com.sapient.PersonTests;
				PRODUCT_NAME = "$(TARGET_NAME)";
				SWIFT_EMIT_LOC_STRINGS = NO;
				SWIFT_VERSION = 5.0;
				TARGETED_DEVICE_FAMILY = "1,2";
				TEST_HOST = "$(BUILT_PRODUCTS_DIR)/Person.app/$(BUNDLE_EXECUTABLE_FOLDER_PATH)/Person";
			};
			name = Release;
		};
		2BD142CC2B7DEA3000AB224C /* Debug */ = {
			isa = XCBuildConfiguration;
			baseConfigurationReference = E5ADBF797C73803DE7D3FC1A /* Pods-Person-PersonUITests.debug.xcconfig */;
			buildSettings = {
				ALWAYS_EMBED_SWIFT_STANDARD_LIBRARIES = YES;
				CODE_SIGN_STYLE = Automatic;
				CURRENT_PROJECT_VERSION = 1;
				GENERATE_INFOPLIST_FILE = YES;
				MARKETING_VERSION = 1.0;
				PRODUCT_BUNDLE_IDENTIFIER = com.sapient.PersonUITests;
				PRODUCT_NAME = "$(TARGET_NAME)";
				SWIFT_EMIT_LOC_STRINGS = NO;
				SWIFT_VERSION = 5.0;
				TARGETED_DEVICE_FAMILY = "1,2";
				TEST_TARGET_NAME = Person;
			};
			name = Debug;
		};
		2BD142CD2B7DEA3000AB224C /* Release */ = {
			isa = XCBuildConfiguration;
			baseConfigurationReference = C6E31DEDBC2981498A5FB51F /* Pods-Person-PersonUITests.release.xcconfig */;
			buildSettings = {
				ALWAYS_EMBED_SWIFT_STANDARD_LIBRARIES = YES;
				CODE_SIGN_STYLE = Automatic;
				CURRENT_PROJECT_VERSION = 1;
				GENERATE_INFOPLIST_FILE = YES;
				MARKETING_VERSION = 1.0;
				PRODUCT_BUNDLE_IDENTIFIER = com.sapient.PersonUITests;
				PRODUCT_NAME = "$(TARGET_NAME)";
				SWIFT_EMIT_LOC_STRINGS = NO;
				SWIFT_VERSION = 5.0;
				TARGETED_DEVICE_FAMILY = "1,2";
				TEST_TARGET_NAME = Person;
			};
			name = Release;
		};
/* End XCBuildConfiguration section */

/* Begin XCConfigurationList section */
		2BD142962B7DEA2F00AB224C /* Build configuration list for PBXProject "Person" */ = {
			isa = XCConfigurationList;
			buildConfigurations = (
				2BD142C32B7DEA3000AB224C /* Debug */,
				2BD142C42B7DEA3000AB224C /* Release */,
			);
			defaultConfigurationIsVisible = 0;
			defaultConfigurationName = Release;
		};
		2BD142C52B7DEA3000AB224C /* Build configuration list for PBXNativeTarget "Person" */ = {
			isa = XCConfigurationList;
			buildConfigurations = (
				2BD142C62B7DEA3000AB224C /* Debug */,
				2BD142C72B7DEA3000AB224C /* Release */,
			);
			defaultConfigurationIsVisible = 0;
			defaultConfigurationName = Release;
		};
		2BD142C82B7DEA3000AB224C /* Build configuration list for PBXNativeTarget "PersonTests" */ = {
			isa = XCConfigurationList;
			buildConfigurations = (
				2BD142C92B7DEA3000AB224C /* Debug */,
				2BD142CA2B7DEA3000AB224C /* Release */,
			);
			defaultConfigurationIsVisible = 0;
			defaultConfigurationName = Release;
		};
		2BD142CB2B7DEA3000AB224C /* Build configuration list for PBXNativeTarget "PersonUITests" */ = {
			isa = XCConfigurationList;
			buildConfigurations = (
				2BD142CC2B7DEA3000AB224C /* Debug */,
				2BD142CD2B7DEA3000AB224C /* Release */,
			);
			defaultConfigurationIsVisible = 0;
			defaultConfigurationName = Release;
		};
/* End XCConfigurationList section */
	};
	rootObject = 2BD142932B7DEA2F00AB224C /* Project object */;
}
