// !$*UTF8*$!
{
	archiveVersion = 1;
	classes = {
	};
	objectVersion = 56;
	objects = {

/* Begin PBXBuildFile section */
		2BD1429F2B7DEA2F00AB224C /* AppDelegate.swift in Sources */ = {isa = PBXBuildFile; fileRef = 2BD1429E2B7DEA2F00AB224C /* AppDelegate.swift */; };
		2BD142A12B7DEA2F00AB224C /* SceneDelegate.swift in Sources */ = {isa = PBXBuildFile; fileRef = 2BD142A02B7DEA2F00AB224C /* SceneDelegate.swift */; };
		2BD142A32B7DEA2F00AB224C /* ViewController.swift in Sources */ = {isa = PBXBuildFile; fileRef = 2BD142A22B7DEA2F00AB224C /* ViewController.swift */; };
		2BD142A62B7DEA2F00AB224C /* Main.storyboard in Resources */ = {isa = PBXBuildFile; fileRef = 2BD142A42B7DEA2F00AB224C /* Main.storyboard */; };
		2BD142A82B7DEA3000AB224C /* Assets.xcassets in Resources */ = {isa = PBXBuildFile; fileRef = 2BD142A72B7DEA3000AB224C /* Assets.xcassets */; };
		2BD142AB2B7DEA3000AB224C /* LaunchScreen.storyboard in Resources */ = {isa = PBXBuildFile; fileRef = 2BD142A92B7DEA3000AB224C /* LaunchScreen.storyboard */; };
		2BD142B62B7DEA3000AB224C /* PersonTests.swift in Sources */ = {isa = PBXBuildFile; fileRef = 2BD142B52B7DEA3000AB224C /* PersonTests.swift */; };
		2BD142C02B7DEA3000AB224C /* PersonUITests.swift in Sources */ = {isa = PBXBuildFile; fileRef = 2BD142BF2B7DEA3000AB224C /* PersonUITests.swift */; };
		2BD142C22B7DEA3000AB224C /* PersonUITestsLaunchTests.swift in Sources */ = {isa = PBXBuildFile; fileRef = 2BD142C12B7DEA3000AB224C /* PersonUITestsLaunchTests.swift */; };
/* End PBXBuildFile section */

/* Begin PBXContainerItemProxy section */
		2BD142B22B7DEA3000AB224C /* PBXContainerItemProxy */ = {
			isa = PBXContainerItemProxy;
			containerPortal = 2BD142932B7DEA2F00AB224C /* Project object */;
			proxyType = 1;
			remoteGlobalIDString = 2BD1429A2B7DEA2F00AB224C;
			remoteInfo = Person;
		};
		2BD142BC2B7DEA3000AB224C /* PBXContainerItemProxy */ = {
			isa = PBXContainerItemProxy;
			containerPortal = 2BD142932B7DEA2F00AB224C /* Project object */;
			proxyType = 1;
			remoteGlobalIDString = 2BD1429A2B7DEA2F00AB224C;
			remoteInfo = Person;
		};
/* End PBXContainerItemProxy section */

/* Begin PBXFileReference section */
		2BD1429B2B7DEA2F00AB224C /* Person.app */ = {isa = PBXFileReference; explicitFileType = wrapper.application; includeInIndex = 0; path = Person.app; sourceTree = BUILT_PRODUCTS_DIR; };
		2BD1429E2B7DEA2F00AB224C /* AppDelegate.swift */ = {isa = PBXFileReference; lastKnownFileType = sourcecode.swift; path = AppDelegate.swift; sourceTree = "<group>"; };
		2BD142A02B7DEA2F00AB224C /* SceneDelegate.swift */ = {isa = PBXFileReference; lastKnownFileType = sourcecode.swift; path = SceneDelegate.swift; sourceTree = "<group>"; };
		2BD142A22B7DEA2F00AB224C /* ViewController.swift */ = {isa = PBXFileReference; lastKnownFileType = sourcecode.swift; path = ViewController.swift; sourceTree = "<group>"; };
		2BD142A52B7DEA2F00AB224C /* Base */ = {isa = PBXFileReference; lastKnownFileType = file.storyboard; name = Base; path = Base.lproj/Main.storyboard; sourceTree = "<group>"; };
		2BD142A72B7DEA3000AB224C /* Assets.xcassets */ = {isa = PBXFileReference; lastKnownFileType = folder.assetcatalog; path = Assets.xcassets; sourceTree = "<group>"; };
		2BD142AA2B7DEA3000AB224C /* Base */ = {isa = PBXFileReference; lastKnownFileType = file.storyboard; name = Base; path = Base.lproj/LaunchScreen.storyboard; sourceTree = "<group>"; };
		2BD142AC2B7DEA3000AB224C /* Info.plist */ = {isa = PBXFileReference; lastKnownFileType = text.plist.xml; path = Info.plist; sourceTree = "<group>"; };
		2BD142B12B7DEA3000AB224C /* PersonTests.xctest */ = {isa = PBXFileReference; explicitFileType = wrapper.cfbundle; includeInIndex = 0; path = PersonTests.xctest; sourceTree = BUILT_PRODUCTS_DIR; };
		2BD142B52B7DEA3000AB224C /* PersonTests.swift */ = {isa = PBXFileReference; lastKnownFileType = sourcecode.swift; path = PersonTests.swift; sourceTree = "<group>"; };
		2BD142BB2B7DEA3000AB224C /* PersonUITests.xctest */ = {isa = PBXFileReference; explicitFileType = wrapper.cfbundle; includeInIndex = 0; path = PersonUITests.xctest; sourceTree = BUILT_PRODUCTS_DIR; };
		2BD142BF2B7DEA3000AB224C /* PersonUITests.swift */ = {isa = PBXFileReference; lastKnownFileType = sourcecode.swift; path = PersonUITests.swift; sourceTree = "<group>"; };
		2BD142C12B7DEA3000AB224C /* PersonUITestsLaunchTests.swift */ = {isa = PBXFileReference; lastKnownFileType = sourcecode.swift; path = PersonUITestsLaunchTests.swift; sourceTree = "<group>"; };
/* End PBXFileReference section */

/* Begin PBXFrameworksBuildPhase section */
		2BD142982B7DEA2F00AB224C /* Frameworks */ = {
			isa = PBXFrameworksBuildPhase;
			buildActionMask = 2147483647;
			files = (
			);
			runOnlyForDeploymentPostprocessing = 0;
		};
		2BD142AE2B7DEA3000AB224C /* Frameworks */ = {
			isa = PBXFrameworksBuildPhase;
			buildActionMask = 2147483647;
			files = (
			);
			runOnlyForDeploymentPostprocessing = 0;
		};
		2BD142B82B7DEA3000AB224C /* Frameworks */ = {
			isa = PBXFrameworksBuildPhase;
			buildActionMask = 2147483647;
			files = (
			);
			runOnlyForDeploymentPostprocessing = 0;
		};
/* End PBXFrameworksBuildPhase section */

/* Begin PBXGroup section */
		2BD142922B7DEA2F00AB224C = {
			isa = PBXGroup;
			children = (
				2BD1429D2B7DEA2F00AB224C /* Person */,
				2BD142B42B7DEA3000AB224C /* PersonTests */,
				2BD142BE2B7DEA3000AB224C /* PersonUITests */,
				2BD1429C2B7DEA2F00AB224C /* Products */,
			);
			sourceTree = "<group>";
		};
		2BD1429C2B7DEA2F00AB224C /* Products */ = {
			isa = PBXGroup;
			children = (
				2BD1429B2B7DEA2F00AB224C /* Person.app */,
				2BD142B12B7DEA3000AB224C /* PersonTests.xctest */,
				2BD142BB2B7DEA3000AB224C /* PersonUITests.xctest */,
			);
			name = Products;
			sourceTree = "<group>";
		};
		2BD1429D2B7DEA2F00AB224C /* Person */ = {
			isa = PBXGroup;
			children = (
				2BD1429E2B7DEA2F00AB224C /* AppDelegate.swift */,
				2BD142A02B7DEA2F00AB224C /* SceneDelegate.swift */,
				2BD142A22B7DEA2F00AB224C /* ViewController.swift */,
				2BD142A42B7DEA2F00AB224C /* Main.storyboard */,
				2BD142A72B7DEA3000AB224C /* Assets.xcassets */,
				2BD142A92B7DEA3000AB224C /* LaunchScreen.storyboard */,
				2BD142AC2B7DEA3000AB224C /* Info.plist */,
			);
			path = Person;
			sourceTree = "<group>";
		};
		2BD142B42B7DEA3000AB224C /* PersonTests */ = {
			isa = PBXGroup;
			children = (
				2BD142B52B7DEA3000AB224C /* PersonTests.swift */,
			);
			path = PersonTests;
			sourceTree = "<group>";
		};
		2BD142BE2B7DEA3000AB224C /* PersonUITests */ = {
			isa = PBXGroup;
			children = (
				2BD142BF2B7DEA3000AB224C /* PersonUITests.swift */,
				2BD142C12B7DEA3000AB224C /* PersonUITestsLaunchTests.swift */,
			);
			path = PersonUITests;
			sourceTree = "<group>";
		};
/* End PBXGroup section */

/* Begin PBXNativeTarget section */
		2BD1429A2B7DEA2F00AB224C /* Person */ = {
			isa = PBXNativeTarget;
			buildConfigurationList = 2BD142C52B7DEA3000AB224C /* Build configuration list for PBXNativeTarget "Person" */;
			buildPhases = (
				2BD142972B7DEA2F00AB224C /* Sources */,
				2BD142982B7DEA2F00AB224C /* Frameworks */,
				2BD142992B7DEA2F00AB224C /* Resources */,
			);
			buildRules = (
			);
			dependencies = (
			);
			name = Person;
			productName = Person;
			productReference = 2BD1429B2B7DEA2F00AB224C /* Person.app */;
			productType = "com.apple.product-type.application";
		};
		2BD142B02B7DEA3000AB224C /* PersonTests */ = {
			isa = PBXNativeTarget;
			buildConfigurationList = 2BD142C82B7DEA3000AB224C /* Build configuration list for PBXNativeTarget "PersonTests" */;
			buildPhases = (
				2BD142AD2B7DEA3000AB224C /* Sources */,
				2BD142AE2B7DEA3000AB224C /* Frameworks */,
				2BD142AF2B7DEA3000AB224C /* Resources */,
			);
			buildRules = (
			);
			dependencies = (
				2BD142B32B7DEA3000AB224C /* PBXTargetDependency */,
			);
			name = PersonTests;
			productName = PersonTests;
			productReference = 2BD142B12B7DEA3000AB224C /* PersonTests.xctest */;
			productType = "com.apple.product-type.bundle.unit-test";
		};
		2BD142BA2B7DEA3000AB224C /* PersonUITests */ = {
			isa = PBXNativeTarget;
			buildConfigurationList = 2BD142CB2B7DEA3000AB224C /* Build configuration list for PBXNativeTarget "PersonUITests" */;
			buildPhases = (
				2BD142B72B7DEA3000AB224C /* Sources */,
				2BD142B82B7DEA3000AB224C /* Frameworks */,
				2BD142B92B7DEA3000AB224C /* Resources */,
			);
			buildRules = (
			);
			dependencies = (
				2BD142BD2B7DEA3000AB224C /* PBXTargetDependency */,
			);
			name = PersonUITests;
			productName = PersonUITests;
			productReference = 2BD142BB2B7DEA3000AB224C /* PersonUITests.xctest */;
			productType = "com.apple.product-type.bundle.ui-testing";
		};
/* End PBXNativeTarget section */

/* Begin PBXProject section */
		2BD142932B7DEA2F00AB224C /* Project object */ = {
			isa = PBXProject;
			attributes = {
				BuildIndependentTargetsInParallel = 1;
				LastSwiftUpdateCheck = 1420;
				LastUpgradeCheck = 1420;
				TargetAttributes = {
					2BD1429A2B7DEA2F00AB224C = {
						CreatedOnToolsVersion = 14.2;
					};
					2BD142B02B7DEA3000AB224C = {
						CreatedOnToolsVersion = 14.2;
						TestTargetID = 2BD1429A2B7DEA2F00AB224C;
					};
					2BD142BA2B7DEA3000AB224C = {
						CreatedOnToolsVersion = 14.2;
						TestTargetID = 2BD1429A2B7DEA2F00AB224C;
					};
				};
			};
			buildConfigurationList = 2BD142962B7DEA2F00AB224C /* Build configuration list for PBXProject "Person" */;
			compatibilityVersion = "Xcode 14.0";
			developmentRegion = en;
			hasScannedForEncodings = 0;
			knownRegions = (
				en,
				Base,
			);
			mainGroup = 2BD142922B7DEA2F00AB224C;
			productRefGroup = 2BD1429C2B7DEA2F00AB224C /* Products */;
			projectDirPath = "";
			projectRoot = "";
			targets = (
				2BD1429A2B7DEA2F00AB224C /* Person */,
				2BD142B02B7DEA3000AB224C /* PersonTests */,
				2BD142BA2B7DEA3000AB224C /* PersonUITests */,
			);
		};
/* End PBXProject section */

/* Begin PBXResourcesBuildPhase section */
		2BD142992B7DEA2F00AB224C /* Resources */ = {
			isa = PBXResourcesBuildPhase;
			buildActionMask = 2147483647;
			files = (
				2BD142AB2B7DEA3000AB224C /* LaunchScreen.storyboard in Resources */,
				2BD142A82B7DEA3000AB224C /* Assets.xcassets in Resources */,
				2BD142A62B7DEA2F00AB224C /* Main.storyboard in Resources */,
			);
			runOnlyForDeploymentPostprocessing = 0;
		};
		2BD142AF2B7DEA3000AB224C /* Resources */ = {
			isa = PBXResourcesBuildPhase;
			buildActionMask = 2147483647;
			files = (
			);
			runOnlyForDeploymentPostprocessing = 0;
		};
		2BD142B92B7DEA3000AB224C /* Resources */ = {
			isa = PBXResourcesBuildPhase;
			buildActionMask = 2147483647;
			files = (
			);
			runOnlyForDeploymentPostprocessing = 0;
		};
/* End PBXResourcesBuildPhase section */

/* Begin PBXSourcesBuildPhase section */
		2BD142972B7DEA2F00AB224C /* Sources */ = {
			isa = PBXSourcesBuildPhase;
			buildActionMask = 2147483647;
			files = (
				2BD142A32B7DEA2F00AB224C /* ViewController.swift in Sources */,
				2BD1429F2B7DEA2F00AB224C /* AppDelegate.swift in Sources */,
				2BD142A12B7DEA2F00AB224C /* SceneDelegate.swift in Sources */,
			);
			runOnlyForDeploymentPostprocessing = 0;
		};
		2BD142AD2B7DEA3000AB224C /* Sources */ = {
			isa = PBXSourcesBuildPhase;
			buildActionMask = 2147483647;
			files = (
				2BD142B62B7DEA3000AB224C /* PersonTests.swift in Sources */,
			);
			runOnlyForDeploymentPostprocessing = 0;
		};
		2BD142B72B7DEA3000AB224C /* Sources */ = {
			isa = PBXSourcesBuildPhase;
			buildActionMask = 2147483647;
			files = (
				2BD142C02B7DEA3000AB224C /* PersonUITests.swift in Sources */,
				2BD142C22B7DEA3000AB224C /* PersonUITestsLaunchTests.swift in Sources */,
			);
			runOnlyForDeploymentPostprocessing = 0;
		};
/* End PBXSourcesBuildPhase section */

/* Begin PBXTargetDependency section */
		2BD142B32B7DEA3000AB224C /* PBXTargetDependency */ = {
			isa = PBXTargetDependency;
			target = 2BD1429A2B7DEA2F00AB224C /* Person */;
			targetProxy = 2BD142B22B7DEA3000AB224C /* PBXContainerItemProxy */;
		};
		2BD142BD2B7DEA3000AB224C /* PBXTargetDependency */ = {
			isa = PBXTargetDependency;
			target = 2BD1429A2B7DEA2F00AB224C /* Person */;
			targetProxy = 2BD142BC2B7DEA3000AB224C /* PBXContainerItemProxy */;
		};
/* End PBXTargetDependency section */

/* Begin PBXVariantGroup section */
		2BD142A42B7DEA2F00AB224C /* Main.storyboard */ = {
			isa = PBXVariantGroup;
			children = (
				2BD142A52B7DEA2F00AB224C /* Base */,
			);
			name = Main.storyboard;
			sourceTree = "<group>";
		};
		2BD142A92B7DEA3000AB224C /* LaunchScreen.storyboard */ = {
			isa = PBXVariantGroup;
			children = (
				2BD142AA2B7DEA3000AB224C /* Base */,
			);
			name = LaunchScreen.storyboard;
			sourceTree = "<group>";
		};
/* End PBXVariantGroup section */

/* Begin XCBuildConfiguration section */
		2BD142C32B7DEA3000AB224C /* Debug */ = {
			isa = XCBuildConfiguration;
			buildSettings = {
				ALWAYS_SEARCH_USER_PATHS = NO;
				CLANG_ANALYZER_NONNULL = YES;
				CLANG_ANALYZER_NUMBER_OBJECT_CONVERSION = YES_AGGRESSIVE;
				CLANG_CXX_LANGUAGE_STANDARD = "gnu++20";
				CLANG_ENABLE_MODULES = YES;
				CLANG_ENABLE_OBJC_ARC = YES;
				CLANG_ENABLE_OBJC_WEAK = YES;
				CLANG_WARN_BLOCK_CAPTURE_AUTORELEASING = YES;
				CLANG_WARN_BOOL_CONVERSION = YES;
				CLANG_WARN_COMMA = YES;
				CLANG_WARN_CONSTANT_CONVERSION = YES;
				CLANG_WARN_DEPRECATED_OBJC_IMPLEMENTATIONS = YES;
				CLANG_WARN_DIRECT_OBJC_ISA_USAGE = YES_ERROR;
				CLANG_WARN_DOCUMENTATION_COMMENTS = YES;
				CLANG_WARN_EMPTY_BODY = YES;
				CLANG_WARN_ENUM_CONVERSION = YES;
				CLANG_WARN_INFINITE_RECURSION = YES;
				CLANG_WARN_INT_CONVERSION = YES;
				CLANG_WARN_NON_LITERAL_NULL_CONVERSION = YES;
				CLANG_WARN_OBJC_IMPLICIT_RETAIN_SELF = YES;
				CLANG_WARN_OBJC_LITERAL_CONVERSION = YES;
				CLANG_WARN_OBJC_ROOT_CLASS = YES_ERROR;
				CLANG_WARN_QUOTED_INCLUDE_IN_FRAMEWORK_HEADER = YES;
				CLANG_WARN_RANGE_LOOP_ANALYSIS = YES;
				CLANG_WARN_STRICT_PROTOTYPES = YES;
				CLANG_WARN_SUSPICIOUS_MOVE = YES;
				CLANG_WARN_UNGUARDED_AVAILABILITY = YES_AGGRESSIVE;
				CLANG_WARN_UNREACHABLE_CODE = YES;
				CLANG_WARN__DUPLICATE_METHOD_MATCH = YES;
				COPY_PHASE_STRIP = NO;
				DEBUG_INFORMATION_FORMAT = dwarf;
				ENABLE_STRICT_OBJC_MSGSEND = YES;
				ENABLE_TESTABILITY = YES;
				GCC_C_LANGUAGE_STANDARD = gnu11;
				GCC_DYNAMIC_NO_PIC = NO;
				GCC_NO_COMMON_BLOCKS = YES;
				GCC_OPTIMIZATION_LEVEL = 0;
				GCC_PREPROCESSOR_DEFINITIONS = (
					"DEBUG=1",
					"$(inherited)",
				);
				GCC_WARN_64_TO_32_BIT_CONVERSION = YES;
				GCC_WARN_ABOUT_RETURN_TYPE = YES_ERROR;
				GCC_WARN_UNDECLARED_SELECTOR = YES;
				GCC_WARN_UNINITIALIZED_AUTOS = YES_AGGRESSIVE;
				GCC_WARN_UNUSED_FUNCTION = YES;
				GCC_WARN_UNUSED_VARIABLE = YES;
				IPHONEOS_DEPLOYMENT_TARGET = 16.2;
				MTL_ENABLE_DEBUG_INFO = INCLUDE_SOURCE;
				MTL_FAST_MATH = YES;
				ONLY_ACTIVE_ARCH = YES;
				SDKROOT = iphoneos;
				SWIFT_ACTIVE_COMPILATION_CONDITIONS = DEBUG;
				SWIFT_OPTIMIZATION_LEVEL = "-Onone";
			};
			name = Debug;
		};
		2BD142C42B7DEA3000AB224C /* Release */ = {
			isa = XCBuildConfiguration;
			buildSettings = {
				ALWAYS_SEARCH_USER_PATHS = NO;
				CLANG_ANALYZER_NONNULL = YES;
				CLANG_ANALYZER_NUMBER_OBJECT_CONVERSION = YES_AGGRESSIVE;
				CLANG_CXX_LANGUAGE_STANDARD = "gnu++20";
				CLANG_ENABLE_MODULES = YES;
				CLANG_ENABLE_OBJC_ARC = YES;
				CLANG_ENABLE_OBJC_WEAK = YES;
				CLANG_WARN_BLOCK_CAPTURE_AUTORELEASING = YES;
				CLANG_WARN_BOOL_CONVERSION = YES;
				CLANG_WARN_COMMA = YES;
				CLANG_WARN_CONSTANT_CONVERSION = YES;
				CLANG_WARN_DEPRECATED_OBJC_IMPLEMENTATIONS = YES;
				CLANG_WARN_DIRECT_OBJC_ISA_USAGE = YES_ERROR;
				CLANG_WARN_DOCUMENTATION_COMMENTS = YES;
				CLANG_WARN_EMPTY_BODY = YES;
				CLANG_WARN_ENUM_CONVERSION = YES;
				CLANG_WARN_INFINITE_RECURSION = YES;
				CLANG_WARN_INT_CONVERSION = YES;
				CLANG_WARN_NON_LITERAL_NULL_CONVERSION = YES;
				CLANG_WARN_OBJC_IMPLICIT_RETAIN_SELF = YES;
				CLANG_WARN_OBJC_LITERAL_CONVERSION = YES;
				CLANG_WARN_OBJC_ROOT_CLASS = YES_ERROR;
				CLANG_WARN_QUOTED_INCLUDE_IN_FRAMEWORK_HEADER = YES;
				CLANG_WARN_RANGE_LOOP_ANALYSIS = YES;
				CLANG_WARN_STRICT_PROTOTYPES = YES;
				CLANG_WARN_SUSPICIOUS_MOVE = YES;
				CLANG_WARN_UNGUARDED_AVAILABILITY = YES_AGGRESSIVE;
				CLANG_WARN_UNREACHABLE_CODE = YES;
				CLANG_WARN__DUPLICATE_METHOD_MATCH = YES;
				COPY_PHASE_STRIP = NO;
				DEBUG_INFORMATION_FORMAT = "dwarf-with-dsym";
				ENABLE_NS_ASSERTIONS = NO;
				ENABLE_STRICT_OBJC_MSGSEND = YES;
				GCC_C_LANGUAGE_STANDARD = gnu11;
				GCC_NO_COMMON_BLOCKS = YES;
				GCC_WARN_64_TO_32_BIT_CONVERSION = YES;
				GCC_WARN_ABOUT_RETURN_TYPE = YES_ERROR;
				GCC_WARN_UNDECLARED_SELECTOR = YES;
				GCC_WARN_UNINITIALIZED_AUTOS = YES_AGGRESSIVE;
				GCC_WARN_UNUSED_FUNCTION = YES;
				GCC_WARN_UNUSED_VARIABLE = YES;
				IPHONEOS_DEPLOYMENT_TARGET = 16.2;
				MTL_ENABLE_DEBUG_INFO = NO;
				MTL_FAST_MATH = YES;
				SDKROOT = iphoneos;
				SWIFT_COMPILATION_MODE = wholemodule;
				SWIFT_OPTIMIZATION_LEVEL = "-O";
				VALIDATE_PRODUCT = YES;
			};
			name = Release;
		};
		2BD142C62B7DEA3000AB224C /* Debug */ = {
			isa = XCBuildConfiguration;
			buildSettings = {
				ASSETCATALOG_COMPILER_APPICON_NAME = AppIcon;
				ASSETCATALOG_COMPILER_GLOBAL_ACCENT_COLOR_NAME = AccentColor;
				CODE_SIGN_STYLE = Automatic;
				CURRENT_PROJECT_VERSION = 1;
				GENERATE_INFOPLIST_FILE = YES;
				INFOPLIST_FILE = Person/Info.plist;
				INFOPLIST_KEY_UIApplicationSupportsIndirectInputEvents = YES;
				INFOPLIST_KEY_UILaunchStoryboardName = LaunchScreen;
				INFOPLIST_KEY_UIMainStoryboardFile = Main;
				INFOPLIST_KEY_UISupportedInterfaceOrientations_iPad = "UIInterfaceOrientationPortrait UIInterfaceOrientationPortraitUpsideDown UIInterfaceOrientationLandscapeLeft UIInterfaceOrientationLandscapeRight";
				INFOPLIST_KEY_UISupportedInterfaceOrientations_iPhone = "UIInterfaceOrientationPortrait UIInterfaceOrientationLandscapeLeft UIInterfaceOrientationLandscapeRight";
				LD_RUNPATH_SEARCH_PATHS = (
					"$(inherited)",
					"@executable_path/Frameworks",
				);
				MARKETING_VERSION = 1.0;
				PRODUCT_BUNDLE_IDENTIFIER = com.sapient.Person;
				PRODUCT_NAME = "$(TARGET_NAME)";
				SWIFT_EMIT_LOC_STRINGS = YES;
				SWIFT_VERSION = 5.0;
				TARGETED_DEVICE_FAMILY = "1,2";
			};
			name = Debug;
		};
		2BD142C72B7DEA3000AB224C /* Release */ = {
			isa = XCBuildConfiguration;
			buildSettings = {
				ASSETCATALOG_COMPILER_APPICON_NAME = AppIcon;
				ASSETCATALOG_COMPILER_GLOBAL_ACCENT_COLOR_NAME = AccentColor;
				CODE_SIGN_STYLE = Automatic;
				CURRENT_PROJECT_VERSION = 1;
				GENERATE_INFOPLIST_FILE = YES;
				INFOPLIST_FILE = Person/Info.plist;
				INFOPLIST_KEY_UIApplicationSupportsIndirectInputEvents = YES;
				INFOPLIST_KEY_UILaunchStoryboardName = LaunchScreen;
				INFOPLIST_KEY_UIMainStoryboardFile = Main;
				INFOPLIST_KEY_UISupportedInterfaceOrientations_iPad = "UIInterfaceOrientationPortrait UIInterfaceOrientationPortraitUpsideDown UIInterfaceOrientationLandscapeLeft UIInterfaceOrientationLandscapeRight";
				INFOPLIST_KEY_UISupportedInterfaceOrientations_iPhone = "UIInterfaceOrientationPortrait UIInterfaceOrientationLandscapeLeft UIInterfaceOrientationLandscapeRight";
				LD_RUNPATH_SEARCH_PATHS = (
					"$(inherited)",
					"@executable_path/Frameworks",
				);
				MARKETING_VERSION = 1.0;
				PRODUCT_BUNDLE_IDENTIFIER = com.sapient.Person;
				PRODUCT_NAME = "$(TARGET_NAME)";
				SWIFT_EMIT_LOC_STRINGS = YES;
				SWIFT_VERSION = 5.0;
				TARGETED_DEVICE_FAMILY = "1,2";
			};
			name = Release;
		};
		2BD142C92B7DEA3000AB224C /* Debug */ = {
			isa = XCBuildConfiguration;
			buildSettings = {
				ALWAYS_EMBED_SWIFT_STANDARD_LIBRARIES = YES;
				BUNDLE_LOADER = "$(TEST_HOST)";
				CODE_SIGN_STYLE = Automatic;
				CURRENT_PROJECT_VERSION = 1;
				GENERATE_INFOPLIST_FILE = YES;
				IPHONEOS_DEPLOYMENT_TARGET = 16.2;
				MARKETING_VERSION = 1.0;
				PRODUCT_BUNDLE_IDENTIFIER = com.sapient.PersonTests;
				PRODUCT_NAME = "$(TARGET_NAME)";
				SWIFT_EMIT_LOC_STRINGS = NO;
				SWIFT_VERSION = 5.0;
				TARGETED_DEVICE_FAMILY = "1,2";
				TEST_HOST = "$(BUILT_PRODUCTS_DIR)/Person.app/$(BUNDLE_EXECUTABLE_FOLDER_PATH)/Person";
			};
			name = Debug;
		};
		2BD142CA2B7DEA3000AB224C /* Release */ = {
			isa = XCBuildConfiguration;
			buildSettings = {
				ALWAYS_EMBED_SWIFT_STANDARD_LIBRARIES = YES;
				BUNDLE_LOADER = "$(TEST_HOST)";
				CODE_SIGN_STYLE = Automatic;
				CURRENT_PROJECT_VERSION = 1;
				GENERATE_INFOPLIST_FILE = YES;
				IPHONEOS_DEPLOYMENT_TARGET = 16.2;
				MARKETING_VERSION = 1.0;
				PRODUCT_BUNDLE_IDENTIFIER = com.sapient.PersonTests;
				PRODUCT_NAME = "$(TARGET_NAME)";
				SWIFT_EMIT_LOC_STRINGS = NO;
				SWIFT_VERSION = 5.0;
				TARGETED_DEVICE_FAMILY = "1,2";
				TEST_HOST = "$(BUILT_PRODUCTS_DIR)/Person.app/$(BUNDLE_EXECUTABLE_FOLDER_PATH)/Person";
			};
			name = Release;
		};
		2BD142CC2B7DEA3000AB224C /* Debug */ = {
			isa = XCBuildConfiguration;
			buildSettings = {
				ALWAYS_EMBED_SWIFT_STANDARD_LIBRARIES = YES;
				CODE_SIGN_STYLE = Automatic;
				CURRENT_PROJECT_VERSION = 1;
				GENERATE_INFOPLIST_FILE = YES;
				MARKETING_VERSION = 1.0;
				PRODUCT_BUNDLE_IDENTIFIER = com.sapient.PersonUITests;
				PRODUCT_NAME = "$(TARGET_NAME)";
				SWIFT_EMIT_LOC_STRINGS = NO;
				SWIFT_VERSION = 5.0;
				TARGETED_DEVICE_FAMILY = "1,2";
				TEST_TARGET_NAME = Person;
			};
			name = Debug;
		};
		2BD142CD2B7DEA3000AB224C /* Release */ = {
			isa = XCBuildConfiguration;
			buildSettings = {
				ALWAYS_EMBED_SWIFT_STANDARD_LIBRARIES = YES;
				CODE_SIGN_STYLE = Automatic;
				CURRENT_PROJECT_VERSION = 1;
				GENERATE_INFOPLIST_FILE = YES;
				MARKETING_VERSION = 1.0;
				PRODUCT_BUNDLE_IDENTIFIER = com.sapient.PersonUITests;
				PRODUCT_NAME = "$(TARGET_NAME)";
				SWIFT_EMIT_LOC_STRINGS = NO;
				SWIFT_VERSION = 5.0;
				TARGETED_DEVICE_FAMILY = "1,2";
				TEST_TARGET_NAME = Person;
			};
			name = Release;
		};
/* End XCBuildConfiguration section */

/* Begin XCConfigurationList section */
		2BD142962B7DEA2F00AB224C /* Build configuration list for PBXProject "Person" */ = {
			isa = XCConfigurationList;
			buildConfigurations = (
				2BD142C32B7DEA3000AB224C /* Debug */,
				2BD142C42B7DEA3000AB224C /* Release */,
			);
			defaultConfigurationIsVisible = 0;
			defaultConfigurationName = Release;
		};
		2BD142C52B7DEA3000AB224C /* Build configuration list for PBXNativeTarget "Person" */ = {
			isa = XCConfigurationList;
			buildConfigurations = (
				2BD142C62B7DEA3000AB224C /* Debug */,
				2BD142C72B7DEA3000AB224C /* Release */,
			);
			defaultConfigurationIsVisible = 0;
			defaultConfigurationName = Release;
		};
		2BD142C82B7DEA3000AB224C /* Build configuration list for PBXNativeTarget "PersonTests" */ = {
			isa = XCConfigurationList;
			buildConfigurations = (
				2BD142C92B7DEA3000AB224C /* Debug */,
				2BD142CA2B7DEA3000AB224C /* Release */,
			);
			defaultConfigurationIsVisible = 0;
			defaultConfigurationName = Release;
		};
		2BD142CB2B7DEA3000AB224C /* Build configuration list for PBXNativeTarget "PersonUITests" */ = {
			isa = XCConfigurationList;
			buildConfigurations = (
				2BD142CC2B7DEA3000AB224C /* Debug */,
				2BD142CD2B7DEA3000AB224C /* Release */,
			);
			defaultConfigurationIsVisible = 0;
			defaultConfigurationName = Release;
		};
/* End XCConfigurationList section */
	};
	rootObject = 2BD142932B7DEA2F00AB224C /* Project object */;
}
